// !$*UTF8*$!
{
	archiveVersion = 1;
	classes = {
	};
	objectVersion = 46;
	objects = {

/* Begin PBXAggregateTarget section */
		B5F357B722C5FDD900111FF3 /* UpdateModel */ = {
			isa = PBXAggregateTarget;
			buildConfigurationList = B5F357BA22C5FDDA00111FF3 /* Build configuration list for PBXAggregateTarget "UpdateModel" */;
			buildPhases = (
				B5F357BB22C5FDE300111FF3 /* ShellScript */,
			);
			dependencies = (
			);
			name = UpdateModel;
			productName = Model;
		};
/* End PBXAggregateTarget section */

/* Begin PBXBuildFile section */
		510777791EFBA4E20055E8BD /* AppleDemo.ips in Resources */ = {isa = PBXBuildFile; fileRef = 510777781EFBA4C30055E8BD /* AppleDemo.ips */; };
		514B4F6B1E30AC9100171990 /* Foundation.framework in Frameworks */ = {isa = PBXBuildFile; fileRef = 514B4F6A1E30AC9100171990 /* Foundation.framework */; };
		519FF5881D54BB2600B07A65 /* symbolicatecrash in Resources */ = {isa = PBXBuildFile; fileRef = 519FF5871D54BB2600B07A65 /* symbolicatecrash */; };
		51B8D7051D4F620100F2C24C /* CrashDocument.swift in Sources */ = {isa = PBXBuildFile; fileRef = 51B8D7041D4F620100F2C24C /* CrashDocument.swift */; };
		51B8D7281D4F6A0000F2C24C /* ContentViewController.swift in Sources */ = {isa = PBXBuildFile; fileRef = 51B8D7271D4F6A0000F2C24C /* ContentViewController.swift */; };
		51BF9C4A1D66AB8800379BFC /* TextView.swift in Sources */ = {isa = PBXBuildFile; fileRef = 51BF9C491D66AB8800379BFC /* TextView.swift */; };
		51BF9C5A1D6C7ACC00379BFC /* UmengDemo.crash in Resources */ = {isa = PBXBuildFile; fileRef = 51BF9C591D6C7ACC00379BFC /* UmengDemo.crash */; };
		51C9A4A01EEFE98700F21AE4 /* ParserTests.swift in Sources */ = {isa = PBXBuildFile; fileRef = 51C9A49F1EEFE98700F21AE4 /* ParserTests.swift */; };
		51C9A4A21EEFF78500F21AE4 /* Doctor.swift in Sources */ = {isa = PBXBuildFile; fileRef = 51C9A4A11EEFF78500F21AE4 /* Doctor.swift */; };
		51CBD2801FE79F7C00C1F91D /* HardwareModel.swift in Sources */ = {isa = PBXBuildFile; fileRef = 51CBD27F1FE79F7C00C1F91D /* HardwareModel.swift */; };
		B5089463258C838D0074254E /* MDScreenShotr.m in Sources */ = {isa = PBXBuildFile; fileRef = B5089462258C838D0074254E /* MDScreenShotr.m */; };
		B50FE44A25693ABF0031E62E /* DeviceHomeViewController.swift in Sources */ = {isa = PBXBuildFile; fileRef = B50FE44925693ABF0031E62E /* DeviceHomeViewController.swift */; };
		B51F9B22256CE51200E52FAF /* DownloadToolbarItem.swift in Sources */ = {isa = PBXBuildFile; fileRef = B51F9B21256CE51200E52FAF /* DownloadToolbarItem.swift */; };
		B51F9B28256CF06F00E52FAF /* DownloadStatusViewController.swift in Sources */ = {isa = PBXBuildFile; fileRef = B51F9B27256CF06F00E52FAF /* DownloadStatusViewController.swift */; };
		B51F9B80256CF29D00E52FAF /* DsymStatusBarItem.swift in Sources */ = {isa = PBXBuildFile; fileRef = B51F9B7F256CF29D00E52FAF /* DsymStatusBarItem.swift */; };
		B535D7362576223800502711 /* MDSBServices.m in Sources */ = {isa = PBXBuildFile; fileRef = B535D7352576223700502711 /* MDSBServices.m */; };
		B535D7372576223800502711 /* MDSBServices.m in Sources */ = {isa = PBXBuildFile; fileRef = B535D7352576223700502711 /* MDSBServices.m */; };
		B53E2F7722D44838003BC45C /* MDLockdown.m in Sources */ = {isa = PBXBuildFile; fileRef = B53E2F7622D44838003BC45C /* MDLockdown.m */; };
		B53E2F7A22D4710C003BC45C /* MDUtil.m in Sources */ = {isa = PBXBuildFile; fileRef = B53E2F7922D4710C003BC45C /* MDUtil.m */; };
		B53E2F8022D477A3003BC45C /* MDAfcClient.m in Sources */ = {isa = PBXBuildFile; fileRef = B53E2F7F22D477A3003BC45C /* MDAfcClient.m */; };
		B53E2F8322D47E46003BC45C /* MDDeviceFile.m in Sources */ = {isa = PBXBuildFile; fileRef = B53E2F8222D47E46003BC45C /* MDDeviceFile.m */; };
		B53E2F8622D48383003BC45C /* MDHouseArrest.m in Sources */ = {isa = PBXBuildFile; fileRef = B53E2F8522D48383003BC45C /* MDHouseArrest.m */; };
		B53E2F8E22D48E28003BC45C /* main.swift in Sources */ = {isa = PBXBuildFile; fileRef = B53E2F8D22D48E28003BC45C /* main.swift */; };
		B53E2F9322D4946E003BC45C /* MDLockdown.m in Sources */ = {isa = PBXBuildFile; fileRef = B53E2F7622D44838003BC45C /* MDLockdown.m */; };
		B53E2F9422D49471003BC45C /* MDDeviceFile.m in Sources */ = {isa = PBXBuildFile; fileRef = B53E2F8222D47E46003BC45C /* MDDeviceFile.m */; };
		B53E2F9522D49473003BC45C /* MDAfcClient.m in Sources */ = {isa = PBXBuildFile; fileRef = B53E2F7F22D477A3003BC45C /* MDAfcClient.m */; };
		B53E2F9622D49476003BC45C /* MDHouseArrest.m in Sources */ = {isa = PBXBuildFile; fileRef = B53E2F8522D48383003BC45C /* MDHouseArrest.m */; };
		B53E2F9722D49479003BC45C /* MDUtil.m in Sources */ = {isa = PBXBuildFile; fileRef = B53E2F7922D4710C003BC45C /* MDUtil.m */; };
		B53E2F9822D49489003BC45C /* libssl.a in Frameworks */ = {isa = PBXBuildFile; fileRef = F4EFE904212530CF00E9EDA9 /* libssl.a */; };
		B53E2F9922D4948C003BC45C /* libcrypto.a in Frameworks */ = {isa = PBXBuildFile; fileRef = F4EFE905212530CF00E9EDA9 /* libcrypto.a */; };
		B53E2F9A22D49491003BC45C /* libplist.a in Frameworks */ = {isa = PBXBuildFile; fileRef = F4EFE8282124357800E9EDA9 /* libplist.a */; };
		B53E2F9B22D49496003BC45C /* libusbmuxd.a in Frameworks */ = {isa = PBXBuildFile; fileRef = F4EFE818212430A600E9EDA9 /* libusbmuxd.a */; };
		B53E2F9C22D4949C003BC45C /* libimobiledevice.a in Frameworks */ = {isa = PBXBuildFile; fileRef = F4EFE8EE2125305200E9EDA9 /* libimobiledevice.a */; };
		B56B9B8923A379CE00049491 /* Dsym.storyboard in Resources */ = {isa = PBXBuildFile; fileRef = B56B9B8723A379CE00049491 /* Dsym.storyboard */; };
		B56B9B8D23A3869100049491 /* DsymViewController.swift in Sources */ = {isa = PBXBuildFile; fileRef = B56B9B8C23A3869100049491 /* DsymViewController.swift */; };
		B56BAA5023A8E8EB00049491 /* DsymManager.swift in Sources */ = {isa = PBXBuildFile; fileRef = B56BAA4F23A8E8EB00049491 /* DsymManager.swift */; };
		B56BAA5623A8ECDB00049491 /* MdfindWrapper.swift in Sources */ = {isa = PBXBuildFile; fileRef = B56BAA5523A8ECDB00049491 /* MdfindWrapper.swift */; };
		B5847A8D2569419600B674CA /* DeviceContentViewController.swift in Sources */ = {isa = PBXBuildFile; fileRef = B5847A8C2569419600B674CA /* DeviceContentViewController.swift */; };
		B597FE1522DC8A9400BE439A /* FileBrowserViewController.swift in Sources */ = {isa = PBXBuildFile; fileRef = B597FE1422DC8A9400BE439A /* FileBrowserViewController.swift */; };
		B59B326B22E0112400013B67 /* MDDeviceMonitor.m in Sources */ = {isa = PBXBuildFile; fileRef = F4EFE90A2125583700E9EDA9 /* MDDeviceMonitor.m */; };
		B59B326C22E0112800013B67 /* MDLockdown.m in Sources */ = {isa = PBXBuildFile; fileRef = B53E2F7622D44838003BC45C /* MDLockdown.m */; };
		B59B326D22E0112B00013B67 /* MDDeviceFile.m in Sources */ = {isa = PBXBuildFile; fileRef = B53E2F8222D47E46003BC45C /* MDDeviceFile.m */; };
		B59B326E22E0112E00013B67 /* MDAfcClient.m in Sources */ = {isa = PBXBuildFile; fileRef = B53E2F7F22D477A3003BC45C /* MDAfcClient.m */; };
		B59B326F22E0113100013B67 /* MDHouseArrest.m in Sources */ = {isa = PBXBuildFile; fileRef = B53E2F8522D48383003BC45C /* MDHouseArrest.m */; };
		B59B327022E0113300013B67 /* MDInstProxy.m in Sources */ = {isa = PBXBuildFile; fileRef = B5B97AEE22DC737900F5DDF2 /* MDInstProxy.m */; };
		B59B327122E0113600013B67 /* MDUtil.m in Sources */ = {isa = PBXBuildFile; fileRef = B53E2F7922D4710C003BC45C /* MDUtil.m */; };
		B5AF3E0327A243AC0037AAAD /* template.sh in Resources */ = {isa = PBXBuildFile; fileRef = B5AF3E0227A243AC0037AAAD /* template.sh */; };
		B5B97AEF22DC737900F5DDF2 /* MDInstProxy.m in Sources */ = {isa = PBXBuildFile; fileRef = B5B97AEE22DC737900F5DDF2 /* MDInstProxy.m */; };
		B5B97AF022DC737900F5DDF2 /* MDInstProxy.m in Sources */ = {isa = PBXBuildFile; fileRef = B5B97AEE22DC737900F5DDF2 /* MDInstProxy.m */; };
		B5EC56D227759AE5007EB567 /* ConfigTests.swift in Sources */ = {isa = PBXBuildFile; fileRef = B5EC56D127759AE5007EB567 /* ConfigTests.swift */; };
		B5F2732525691658001BDE21 /* DeviceSidebarViewController.swift in Sources */ = {isa = PBXBuildFile; fileRef = B5F2732425691658001BDE21 /* DeviceSidebarViewController.swift */; };
		B5F3577E22C0878800111FF3 /* PreferencesViewController.swift in Sources */ = {isa = PBXBuildFile; fileRef = B5F3577D22C0878800111FF3 /* PreferencesViewController.swift */; };
		B5F3578722C30B7C00111FF3 /* Color.swift in Sources */ = {isa = PBXBuildFile; fileRef = B5F3578622C30B7C00111FF3 /* Color.swift */; };
		B5F3578922C3121200111FF3 /* Image.swift in Sources */ = {isa = PBXBuildFile; fileRef = B5F3578822C3121200111FF3 /* Image.swift */; };
		B5F3579322C5C8EF00111FF3 /* Device.storyboard in Resources */ = {isa = PBXBuildFile; fileRef = B5F3579522C5C8EF00111FF3 /* Device.storyboard */; };
		B5F3579822C5CAD400111FF3 /* ScriptImporter.storyboard in Resources */ = {isa = PBXBuildFile; fileRef = B5F3579A22C5CAD400111FF3 /* ScriptImporter.storyboard */; };
		B5F3579D22C5CB1000111FF3 /* Preferences.storyboard in Resources */ = {isa = PBXBuildFile; fileRef = B5F3579F22C5CB1000111FF3 /* Preferences.storyboard */; };
		B5F357B522C5E90C00111FF3 /* Localizable.strings in Resources */ = {isa = PBXBuildFile; fileRef = B5F357B322C5E90C00111FF3 /* Localizable.strings */; };
		B5F357BD22C6062400111FF3 /* LineNumberRulerView.swift in Sources */ = {isa = PBXBuildFile; fileRef = B5F357BC22C6062400111FF3 /* LineNumberRulerView.swift */; };
		F400154821539E8500267818 /* Automator.framework in Frameworks */ = {isa = PBXBuildFile; fileRef = F400154721539E8500267818 /* Automator.framework */; };
		F405436A1D321E37009B2923 /* Window.swift in Sources */ = {isa = PBXBuildFile; fileRef = F40543691D321E37009B2923 /* Window.swift */; };
		F40A369C1D3B5DCA00F3B00C /* AboutViewController.swift in Sources */ = {isa = PBXBuildFile; fileRef = F40A369A1D3B5DCA00F3B00C /* AboutViewController.swift */; };
		F40A36A41D3FBB7200F3B00C /* Regex.swift in Sources */ = {isa = PBXBuildFile; fileRef = F40A36A31D3FBB7200F3B00C /* Regex.swift */; };
		F40B9DBE2123E32D000DF7C6 /* models.txt in Resources */ = {isa = PBXBuildFile; fileRef = F40B9DBC2123E32D000DF7C6 /* models.txt */; };
		F41CD76221291AA300F7CEFB /* libcrypto.a in Frameworks */ = {isa = PBXBuildFile; fileRef = F4EFE905212530CF00E9EDA9 /* libcrypto.a */; };
		F41CD76321291AA300F7CEFB /* libssl.a in Frameworks */ = {isa = PBXBuildFile; fileRef = F4EFE904212530CF00E9EDA9 /* libssl.a */; };
		F422C7C31D36A66800066837 /* FileFinder.swift in Sources */ = {isa = PBXBuildFile; fileRef = F422C7C21D36A66800066837 /* FileFinder.swift */; };
		F45320FB1D30A33C00639917 /* Crash.swift in Sources */ = {isa = PBXBuildFile; fileRef = F45320FA1D30A33C00639917 /* Crash.swift */; };
		F45321041D30CC4600639917 /* Extensions.swift in Sources */ = {isa = PBXBuildFile; fileRef = F45321031D30CC4600639917 /* Extensions.swift */; };
		F453210A1D30CCBF00639917 /* SubProcess.swift in Sources */ = {isa = PBXBuildFile; fileRef = F45321091D30CCBF00639917 /* SubProcess.swift */; };
		F45B68F31E227B8100128D8D /* MainWindowController.swift in Sources */ = {isa = PBXBuildFile; fileRef = F45B68F21E227B8100128D8D /* MainWindowController.swift */; };
		F49030FF20F769ED00249832 /* DocumentController.swift in Sources */ = {isa = PBXBuildFile; fileRef = F49030FE20F769ED00249832 /* DocumentController.swift */; };
		F49BD1F01D2FF46300024AAE /* AppDelegate.swift in Sources */ = {isa = PBXBuildFile; fileRef = F49BD1EF1D2FF46300024AAE /* AppDelegate.swift */; };
		F49BD1F71D2FF46300024AAE /* Main.storyboard in Resources */ = {isa = PBXBuildFile; fileRef = F49BD1F51D2FF46300024AAE /* Main.storyboard */; };
		F49E2D45214BA5E3001A6A88 /* DownloadScriptViewController.swift in Sources */ = {isa = PBXBuildFile; fileRef = F49E2D44214BA5E3001A6A88 /* DownloadScriptViewController.swift */; };
		F49E2D47214BA704001A6A88 /* Config.swift in Sources */ = {isa = PBXBuildFile; fileRef = F49E2D46214BA704001A6A88 /* Config.swift */; };
		F49E2D4A214BB2D6001A6A88 /* DsymDownloader.swift in Sources */ = {isa = PBXBuildFile; fileRef = F49E2D49214BB2D6001A6A88 /* DsymDownloader.swift */; };
		F4A679741E21319D009F93E7 /* BundleDocument.swift in Sources */ = {isa = PBXBuildFile; fileRef = F4A679731E21319D009F93E7 /* BundleDocument.swift */; };
		F4A8DC101D525DAC00ACC4E5 /* Symbolicate.swift in Sources */ = {isa = PBXBuildFile; fileRef = F4A8DC0F1D525DAC00ACC4E5 /* Symbolicate.swift */; };
		F4CD14631D39D323006BAB2B /* Assets.xcassets in Resources */ = {isa = PBXBuildFile; fileRef = F4CD14621D39D323006BAB2B /* Assets.xcassets */; };
		F4CD14651D39D5B7006BAB2B /* file.icns in Resources */ = {isa = PBXBuildFile; fileRef = F4CD14641D39D5B7006BAB2B /* file.icns */; };
		F4EFE9022125305300E9EDA9 /* libimobiledevice.a in Frameworks */ = {isa = PBXBuildFile; fileRef = F4EFE8EE2125305200E9EDA9 /* libimobiledevice.a */; };
		F4EFE90B2125583700E9EDA9 /* MDDeviceMonitor.m in Sources */ = {isa = PBXBuildFile; fileRef = F4EFE90A2125583700E9EDA9 /* MDDeviceMonitor.m */; };
		F4EFE90C212580C700E9EDA9 /* libusbmuxd.a in Frameworks */ = {isa = PBXBuildFile; fileRef = F4EFE818212430A600E9EDA9 /* libusbmuxd.a */; };
		F4EFE90D212580CB00E9EDA9 /* libplist.a in Frameworks */ = {isa = PBXBuildFile; fileRef = F4EFE8282124357800E9EDA9 /* libplist.a */; };
		F4EFE91A2126D0B600E9EDA9 /* CrashImporterViewController.swift in Sources */ = {isa = PBXBuildFile; fileRef = F4EFE9192126D0B600E9EDA9 /* CrashImporterViewController.swift */; };
/* End PBXBuildFile section */

/* Begin PBXContainerItemProxy section */
		51BF9C541D6C7A1C00379BFC /* PBXContainerItemProxy */ = {
			isa = PBXContainerItemProxy;
			containerPortal = F49BD1E41D2FF46300024AAE /* Project object */;
			proxyType = 1;
			remoteGlobalIDString = F49BD1EB1D2FF46300024AAE;
			remoteInfo = SYM;
		};
/* End PBXContainerItemProxy section */

/* Begin PBXCopyFilesBuildPhase section */
		B53E2F8922D48E28003BC45C /* CopyFiles */ = {
			isa = PBXCopyFilesBuildPhase;
			buildActionMask = 2147483647;
			dstPath = /usr/share/man/man1/;
			dstSubfolderSpec = 0;
			files = (
			);
			runOnlyForDeploymentPostprocessing = 1;
		};
/* End PBXCopyFilesBuildPhase section */

/* Begin PBXFileReference section */
		510777781EFBA4C30055E8BD /* AppleDemo.ips */ = {isa = PBXFileReference; lastKnownFileType = text; path = AppleDemo.ips; sourceTree = "<group>"; };
		514B4F6A1E30AC9100171990 /* Foundation.framework */ = {isa = PBXFileReference; lastKnownFileType = wrapper.framework; name = Foundation.framework; path = System/Library/Frameworks/Foundation.framework; sourceTree = SDKROOT; };
		519FF5871D54BB2600B07A65 /* symbolicatecrash */ = {isa = PBXFileReference; fileEncoding = 4; lastKnownFileType = text.script.perl; name = symbolicatecrash; path = Tools/symbolicatecrash; sourceTree = "<group>"; };
		51B8D7041D4F620100F2C24C /* CrashDocument.swift */ = {isa = PBXFileReference; fileEncoding = 4; lastKnownFileType = sourcecode.swift; path = CrashDocument.swift; sourceTree = "<group>"; };
		51B8D7271D4F6A0000F2C24C /* ContentViewController.swift */ = {isa = PBXFileReference; fileEncoding = 4; lastKnownFileType = sourcecode.swift; path = ContentViewController.swift; sourceTree = "<group>"; };
		51BF9C491D66AB8800379BFC /* TextView.swift */ = {isa = PBXFileReference; fileEncoding = 4; lastKnownFileType = sourcecode.swift; path = TextView.swift; sourceTree = "<group>"; };
		51BF9C4F1D6C7A1C00379BFC /* SYMTests.xctest */ = {isa = PBXFileReference; explicitFileType = wrapper.cfbundle; includeInIndex = 0; path = SYMTests.xctest; sourceTree = BUILT_PRODUCTS_DIR; };
		51BF9C531D6C7A1C00379BFC /* Info.plist */ = {isa = PBXFileReference; lastKnownFileType = text.plist.xml; path = Info.plist; sourceTree = "<group>"; };
		51BF9C591D6C7ACC00379BFC /* UmengDemo.crash */ = {isa = PBXFileReference; fileEncoding = 4; lastKnownFileType = text; path = UmengDemo.crash; sourceTree = "<group>"; };
		51C9A49F1EEFE98700F21AE4 /* ParserTests.swift */ = {isa = PBXFileReference; lastKnownFileType = sourcecode.swift; path = ParserTests.swift; sourceTree = "<group>"; };
		51C9A4A11EEFF78500F21AE4 /* Doctor.swift */ = {isa = PBXFileReference; lastKnownFileType = sourcecode.swift; path = Doctor.swift; sourceTree = "<group>"; };
		51CBD27F1FE79F7C00C1F91D /* HardwareModel.swift */ = {isa = PBXFileReference; lastKnownFileType = sourcecode.swift; path = HardwareModel.swift; sourceTree = "<group>"; };
		B5089461258C838D0074254E /* MDScreenShotr.h */ = {isa = PBXFileReference; lastKnownFileType = sourcecode.c.h; path = MDScreenShotr.h; sourceTree = "<group>"; };
		B5089462258C838D0074254E /* MDScreenShotr.m */ = {isa = PBXFileReference; lastKnownFileType = sourcecode.c.objc; path = MDScreenShotr.m; sourceTree = "<group>"; };
		B50FE44925693ABF0031E62E /* DeviceHomeViewController.swift */ = {isa = PBXFileReference; lastKnownFileType = sourcecode.swift; path = DeviceHomeViewController.swift; sourceTree = "<group>"; };
		B51F9B21256CE51200E52FAF /* DownloadToolbarItem.swift */ = {isa = PBXFileReference; lastKnownFileType = sourcecode.swift; path = DownloadToolbarItem.swift; sourceTree = "<group>"; };
		B51F9B27256CF06F00E52FAF /* DownloadStatusViewController.swift */ = {isa = PBXFileReference; lastKnownFileType = sourcecode.swift; path = DownloadStatusViewController.swift; sourceTree = "<group>"; };
		B51F9B7F256CF29D00E52FAF /* DsymStatusBarItem.swift */ = {isa = PBXFileReference; fileEncoding = 4; lastKnownFileType = sourcecode.swift; path = DsymStatusBarItem.swift; sourceTree = "<group>"; };
		B535D7342576223700502711 /* MDSBServices.h */ = {isa = PBXFileReference; lastKnownFileType = sourcecode.c.h; path = MDSBServices.h; sourceTree = "<group>"; };
		B535D7352576223700502711 /* MDSBServices.m */ = {isa = PBXFileReference; lastKnownFileType = sourcecode.c.objc; path = MDSBServices.m; sourceTree = "<group>"; };
		B53E2F7522D44838003BC45C /* MDLockdown.h */ = {isa = PBXFileReference; lastKnownFileType = sourcecode.c.h; path = MDLockdown.h; sourceTree = "<group>"; };
		B53E2F7622D44838003BC45C /* MDLockdown.m */ = {isa = PBXFileReference; lastKnownFileType = sourcecode.c.objc; path = MDLockdown.m; sourceTree = "<group>"; };
		B53E2F7822D4710C003BC45C /* MDUtil.h */ = {isa = PBXFileReference; lastKnownFileType = sourcecode.c.h; path = MDUtil.h; sourceTree = "<group>"; };
		B53E2F7922D4710C003BC45C /* MDUtil.m */ = {isa = PBXFileReference; lastKnownFileType = sourcecode.c.objc; path = MDUtil.m; sourceTree = "<group>"; };
		B53E2F7E22D477A3003BC45C /* MDAfcClient.h */ = {isa = PBXFileReference; lastKnownFileType = sourcecode.c.h; path = MDAfcClient.h; sourceTree = "<group>"; };
		B53E2F7F22D477A3003BC45C /* MDAfcClient.m */ = {isa = PBXFileReference; lastKnownFileType = sourcecode.c.objc; path = MDAfcClient.m; sourceTree = "<group>"; };
		B53E2F8122D47E46003BC45C /* MDDeviceFile.h */ = {isa = PBXFileReference; lastKnownFileType = sourcecode.c.h; path = MDDeviceFile.h; sourceTree = "<group>"; };
		B53E2F8222D47E46003BC45C /* MDDeviceFile.m */ = {isa = PBXFileReference; lastKnownFileType = sourcecode.c.objc; path = MDDeviceFile.m; sourceTree = "<group>"; };
		B53E2F8422D48383003BC45C /* MDHouseArrest.h */ = {isa = PBXFileReference; lastKnownFileType = sourcecode.c.h; path = MDHouseArrest.h; sourceTree = "<group>"; };
		B53E2F8522D48383003BC45C /* MDHouseArrest.m */ = {isa = PBXFileReference; lastKnownFileType = sourcecode.c.objc; path = MDHouseArrest.m; sourceTree = "<group>"; };
		B53E2F8B22D48E28003BC45C /* icp */ = {isa = PBXFileReference; explicitFileType = "compiled.mach-o.executable"; includeInIndex = 0; path = icp; sourceTree = BUILT_PRODUCTS_DIR; };
		B53E2F8D22D48E28003BC45C /* main.swift */ = {isa = PBXFileReference; lastKnownFileType = sourcecode.swift; path = main.swift; sourceTree = "<group>"; };
		B53E2F9222D48EEB003BC45C /* ICP-Bridging-Header.h */ = {isa = PBXFileReference; lastKnownFileType = sourcecode.c.h; path = "ICP-Bridging-Header.h"; sourceTree = "<group>"; };
		B569D8FC23ACA29E00ACEB6C /* zh-Hans */ = {isa = PBXFileReference; lastKnownFileType = text.plist.strings; name = "zh-Hans"; path = "zh-Hans.lproj/Dsym.strings"; sourceTree = "<group>"; };
		B56B9B8823A379CE00049491 /* Base */ = {isa = PBXFileReference; lastKnownFileType = file.storyboard; name = Base; path = Base.lproj/Dsym.storyboard; sourceTree = "<group>"; };
		B56B9B8C23A3869100049491 /* DsymViewController.swift */ = {isa = PBXFileReference; lastKnownFileType = sourcecode.swift; path = DsymViewController.swift; sourceTree = "<group>"; };
		B56BAA4F23A8E8EB00049491 /* DsymManager.swift */ = {isa = PBXFileReference; lastKnownFileType = sourcecode.swift; name = DsymManager.swift; path = SYM/dSYM/DsymManager.swift; sourceTree = SOURCE_ROOT; };
		B56BAA5523A8ECDB00049491 /* MdfindWrapper.swift */ = {isa = PBXFileReference; lastKnownFileType = sourcecode.swift; path = MdfindWrapper.swift; sourceTree = "<group>"; };
		B5847A8C2569419600B674CA /* DeviceContentViewController.swift */ = {isa = PBXFileReference; lastKnownFileType = sourcecode.swift; path = DeviceContentViewController.swift; sourceTree = "<group>"; };
		B597FE1422DC8A9400BE439A /* FileBrowserViewController.swift */ = {isa = PBXFileReference; lastKnownFileType = sourcecode.swift; path = FileBrowserViewController.swift; sourceTree = "<group>"; };
		B5AF3E0227A243AC0037AAAD /* template.sh */ = {isa = PBXFileReference; fileEncoding = 4; lastKnownFileType = text.script.sh; name = template.sh; path = SYM/dSYM/template.sh; sourceTree = SOURCE_ROOT; };
		B5B97AED22DC737900F5DDF2 /* MDInstProxy.h */ = {isa = PBXFileReference; lastKnownFileType = sourcecode.c.h; path = MDInstProxy.h; sourceTree = "<group>"; };
		B5B97AEE22DC737900F5DDF2 /* MDInstProxy.m */ = {isa = PBXFileReference; lastKnownFileType = sourcecode.c.objc; path = MDInstProxy.m; sourceTree = "<group>"; };
		B5EC56D127759AE5007EB567 /* ConfigTests.swift */ = {isa = PBXFileReference; lastKnownFileType = sourcecode.swift; path = ConfigTests.swift; sourceTree = "<group>"; };
		B5F2732425691658001BDE21 /* DeviceSidebarViewController.swift */ = {isa = PBXFileReference; lastKnownFileType = sourcecode.swift; path = DeviceSidebarViewController.swift; sourceTree = "<group>"; };
		B5F3577D22C0878800111FF3 /* PreferencesViewController.swift */ = {isa = PBXFileReference; lastKnownFileType = sourcecode.swift; path = PreferencesViewController.swift; sourceTree = "<group>"; };
		B5F3578622C30B7C00111FF3 /* Color.swift */ = {isa = PBXFileReference; lastKnownFileType = sourcecode.swift; path = Color.swift; sourceTree = "<group>"; };
		B5F3578822C3121200111FF3 /* Image.swift */ = {isa = PBXFileReference; lastKnownFileType = sourcecode.swift; path = Image.swift; sourceTree = "<group>"; };
		B5F3579222C5C8C300111FF3 /* zh-Hans */ = {isa = PBXFileReference; lastKnownFileType = text.plist.strings; name = "zh-Hans"; path = "zh-Hans.lproj/Main.strings"; sourceTree = "<group>"; };
		B5F3579622C5C8F600111FF3 /* Base */ = {isa = PBXFileReference; lastKnownFileType = file.storyboard; name = Base; path = Base.lproj/Device.storyboard; sourceTree = "<group>"; };
		B5F3579722C5C90A00111FF3 /* zh-Hans */ = {isa = PBXFileReference; lastKnownFileType = text.plist.strings; name = "zh-Hans"; path = "zh-Hans.lproj/Device.strings"; sourceTree = "<group>"; };
		B5F3579B22C5CADD00111FF3 /* Base */ = {isa = PBXFileReference; lastKnownFileType = file.storyboard; name = Base; path = Base.lproj/ScriptImporter.storyboard; sourceTree = "<group>"; };
		B5F3579C22C5CAE400111FF3 /* zh-Hans */ = {isa = PBXFileReference; lastKnownFileType = text.plist.strings; name = "zh-Hans"; path = "zh-Hans.lproj/ScriptImporter.strings"; sourceTree = "<group>"; };
		B5F3579E22C5CB1000111FF3 /* Base */ = {isa = PBXFileReference; lastKnownFileType = file.storyboard; name = Base; path = Base.lproj/Preferences.storyboard; sourceTree = "<group>"; };
		B5F357A122C5CB1600111FF3 /* zh-Hans */ = {isa = PBXFileReference; lastKnownFileType = text.plist.strings; name = "zh-Hans"; path = "zh-Hans.lproj/Preferences.strings"; sourceTree = "<group>"; };
		B5F357B422C5E90C00111FF3 /* Base */ = {isa = PBXFileReference; lastKnownFileType = text.plist.strings; name = Base; path = Base.lproj/Localizable.strings; sourceTree = "<group>"; };
		B5F357B622C5E92000111FF3 /* zh-Hans */ = {isa = PBXFileReference; lastKnownFileType = text.plist.strings; name = "zh-Hans"; path = "zh-Hans.lproj/Localizable.strings"; sourceTree = "<group>"; };
		B5F357BC22C6062400111FF3 /* LineNumberRulerView.swift */ = {isa = PBXFileReference; lastKnownFileType = sourcecode.swift; path = LineNumberRulerView.swift; sourceTree = "<group>"; };
		F400154721539E8500267818 /* Automator.framework */ = {isa = PBXFileReference; lastKnownFileType = wrapper.framework; name = Automator.framework; path = System/Library/Frameworks/Automator.framework; sourceTree = SDKROOT; };
		F40543691D321E37009B2923 /* Window.swift */ = {isa = PBXFileReference; fileEncoding = 4; lastKnownFileType = sourcecode.swift; path = Window.swift; sourceTree = "<group>"; };
		F40A369A1D3B5DCA00F3B00C /* AboutViewController.swift */ = {isa = PBXFileReference; fileEncoding = 4; lastKnownFileType = sourcecode.swift; path = AboutViewController.swift; sourceTree = "<group>"; };
		F40A36A31D3FBB7200F3B00C /* Regex.swift */ = {isa = PBXFileReference; fileEncoding = 4; lastKnownFileType = sourcecode.swift; path = Regex.swift; sourceTree = "<group>"; };
		F40B9DBC2123E32D000DF7C6 /* models.txt */ = {isa = PBXFileReference; fileEncoding = 4; lastKnownFileType = text; path = models.txt; sourceTree = "<group>"; };
		F40B9DBD2123E32D000DF7C6 /* models.py */ = {isa = PBXFileReference; fileEncoding = 4; lastKnownFileType = text.script.python; path = models.py; sourceTree = "<group>"; };
		F422C7C21D36A66800066837 /* FileFinder.swift */ = {isa = PBXFileReference; fileEncoding = 4; lastKnownFileType = sourcecode.swift; path = FileFinder.swift; sourceTree = "<group>"; };
		F45320FA1D30A33C00639917 /* Crash.swift */ = {isa = PBXFileReference; fileEncoding = 4; lastKnownFileType = sourcecode.swift; path = Crash.swift; sourceTree = "<group>"; };
		F45321031D30CC4600639917 /* Extensions.swift */ = {isa = PBXFileReference; fileEncoding = 4; lastKnownFileType = sourcecode.swift; path = Extensions.swift; sourceTree = "<group>"; };
		F45321091D30CCBF00639917 /* SubProcess.swift */ = {isa = PBXFileReference; fileEncoding = 4; lastKnownFileType = sourcecode.swift; path = SubProcess.swift; sourceTree = "<group>"; };
		F45B68F21E227B8100128D8D /* MainWindowController.swift */ = {isa = PBXFileReference; fileEncoding = 4; lastKnownFileType = sourcecode.swift; path = MainWindowController.swift; sourceTree = "<group>"; };
		F49030FE20F769ED00249832 /* DocumentController.swift */ = {isa = PBXFileReference; lastKnownFileType = sourcecode.swift; path = DocumentController.swift; sourceTree = "<group>"; };
		F49BD1EC1D2FF46300024AAE /* SYM.app */ = {isa = PBXFileReference; explicitFileType = wrapper.application; includeInIndex = 0; path = SYM.app; sourceTree = BUILT_PRODUCTS_DIR; };
		F49BD1EF1D2FF46300024AAE /* AppDelegate.swift */ = {isa = PBXFileReference; lastKnownFileType = sourcecode.swift; path = AppDelegate.swift; sourceTree = "<group>"; };
		F49BD1F61D2FF46300024AAE /* Base */ = {isa = PBXFileReference; lastKnownFileType = file.storyboard; name = Base; path = Base.lproj/Main.storyboard; sourceTree = "<group>"; };
		F49BD1F81D2FF46300024AAE /* Info.plist */ = {isa = PBXFileReference; lastKnownFileType = text.plist.xml; path = Info.plist; sourceTree = "<group>"; };
		F49E2D44214BA5E3001A6A88 /* DownloadScriptViewController.swift */ = {isa = PBXFileReference; lastKnownFileType = sourcecode.swift; path = DownloadScriptViewController.swift; sourceTree = "<group>"; };
		F49E2D46214BA704001A6A88 /* Config.swift */ = {isa = PBXFileReference; lastKnownFileType = sourcecode.swift; path = Config.swift; sourceTree = "<group>"; };
		F49E2D49214BB2D6001A6A88 /* DsymDownloader.swift */ = {isa = PBXFileReference; lastKnownFileType = sourcecode.swift; path = DsymDownloader.swift; sourceTree = "<group>"; };
		F4A679731E21319D009F93E7 /* BundleDocument.swift */ = {isa = PBXFileReference; fileEncoding = 4; lastKnownFileType = sourcecode.swift; path = BundleDocument.swift; sourceTree = "<group>"; };
		F4A8DC0F1D525DAC00ACC4E5 /* Symbolicate.swift */ = {isa = PBXFileReference; fileEncoding = 4; lastKnownFileType = sourcecode.swift; path = Symbolicate.swift; sourceTree = "<group>"; };
		F4CD14621D39D323006BAB2B /* Assets.xcassets */ = {isa = PBXFileReference; lastKnownFileType = folder.assetcatalog; path = Assets.xcassets; sourceTree = "<group>"; };
		F4CD14641D39D5B7006BAB2B /* file.icns */ = {isa = PBXFileReference; lastKnownFileType = image.icns; path = file.icns; sourceTree = "<group>"; };
		F4EFE81421242D9300E9EDA9 /* SYM-Bridging-Header.h */ = {isa = PBXFileReference; lastKnownFileType = sourcecode.c.h; path = "SYM-Bridging-Header.h"; sourceTree = "<group>"; };
		F4EFE816212430A600E9EDA9 /* usbmuxd.h */ = {isa = PBXFileReference; fileEncoding = 4; lastKnownFileType = sourcecode.c.h; path = usbmuxd.h; sourceTree = "<group>"; };
		F4EFE817212430A600E9EDA9 /* usbmuxd-proto.h */ = {isa = PBXFileReference; fileEncoding = 4; lastKnownFileType = sourcecode.c.h; path = "usbmuxd-proto.h"; sourceTree = "<group>"; };
		F4EFE818212430A600E9EDA9 /* libusbmuxd.a */ = {isa = PBXFileReference; lastKnownFileType = archive.ar; path = libusbmuxd.a; sourceTree = "<group>"; };
		F4EFE81E2124357800E9EDA9 /* Structure.h */ = {isa = PBXFileReference; fileEncoding = 4; lastKnownFileType = sourcecode.c.h; path = Structure.h; sourceTree = "<group>"; };
		F4EFE81F2124357800E9EDA9 /* Data.h */ = {isa = PBXFileReference; fileEncoding = 4; lastKnownFileType = sourcecode.c.h; path = Data.h; sourceTree = "<group>"; };
		F4EFE8202124357800E9EDA9 /* Key.h */ = {isa = PBXFileReference; fileEncoding = 4; lastKnownFileType = sourcecode.c.h; path = Key.h; sourceTree = "<group>"; };
		F4EFE8212124357800E9EDA9 /* Date.h */ = {isa = PBXFileReference; fileEncoding = 4; lastKnownFileType = sourcecode.c.h; path = Date.h; sourceTree = "<group>"; };
		F4EFE8222124357800E9EDA9 /* Node.h */ = {isa = PBXFileReference; fileEncoding = 4; lastKnownFileType = sourcecode.c.h; path = Node.h; sourceTree = "<group>"; };
		F4EFE8232124357800E9EDA9 /* Real.h */ = {isa = PBXFileReference; fileEncoding = 4; lastKnownFileType = sourcecode.c.h; path = Real.h; sourceTree = "<group>"; };
		F4EFE8242124357800E9EDA9 /* Boolean.h */ = {isa = PBXFileReference; fileEncoding = 4; lastKnownFileType = sourcecode.c.h; path = Boolean.h; sourceTree = "<group>"; };
		F4EFE8252124357800E9EDA9 /* Dictionary.h */ = {isa = PBXFileReference; fileEncoding = 4; lastKnownFileType = sourcecode.c.h; path = Dictionary.h; sourceTree = "<group>"; };
		F4EFE8262124357800E9EDA9 /* plist++.h */ = {isa = PBXFileReference; fileEncoding = 4; lastKnownFileType = sourcecode.c.h; path = "plist++.h"; sourceTree = "<group>"; };
		F4EFE8272124357800E9EDA9 /* Array.h */ = {isa = PBXFileReference; fileEncoding = 4; lastKnownFileType = sourcecode.c.h; path = Array.h; sourceTree = "<group>"; };
		F4EFE8282124357800E9EDA9 /* libplist.a */ = {isa = PBXFileReference; lastKnownFileType = archive.ar; path = libplist.a; sourceTree = "<group>"; };
		F4EFE8292124357800E9EDA9 /* Integer.h */ = {isa = PBXFileReference; fileEncoding = 4; lastKnownFileType = sourcecode.c.h; path = Integer.h; sourceTree = "<group>"; };
		F4EFE82A2124357800E9EDA9 /* plist.h */ = {isa = PBXFileReference; fileEncoding = 4; lastKnownFileType = sourcecode.c.h; path = plist.h; sourceTree = "<group>"; };
		F4EFE82B2124357800E9EDA9 /* Uid.h */ = {isa = PBXFileReference; fileEncoding = 4; lastKnownFileType = sourcecode.c.h; path = Uid.h; sourceTree = "<group>"; };
		F4EFE82C2124357800E9EDA9 /* String.h */ = {isa = PBXFileReference; fileEncoding = 4; lastKnownFileType = sourcecode.c.h; path = String.h; sourceTree = "<group>"; };
		F4EFE82E2124361400E9EDA9 /* libboringssl.tbd */ = {isa = PBXFileReference; lastKnownFileType = "sourcecode.text-based-dylib-definition"; name = libboringssl.tbd; path = usr/lib/libboringssl.tbd; sourceTree = SDKROOT; };
		F4EFE8E82125305100E9EDA9 /* afc.h */ = {isa = PBXFileReference; fileEncoding = 4; lastKnownFileType = sourcecode.c.h; path = afc.h; sourceTree = "<group>"; };
		F4EFE8E92125305100E9EDA9 /* webinspector.h */ = {isa = PBXFileReference; fileEncoding = 4; lastKnownFileType = sourcecode.c.h; path = webinspector.h; sourceTree = "<group>"; };
		F4EFE8EB2125305100E9EDA9 /* installation_proxy.h */ = {isa = PBXFileReference; fileEncoding = 4; lastKnownFileType = sourcecode.c.h; path = installation_proxy.h; sourceTree = "<group>"; };
		F4EFE8EC2125305100E9EDA9 /* misagent.h */ = {isa = PBXFileReference; fileEncoding = 4; lastKnownFileType = sourcecode.c.h; path = misagent.h; sourceTree = "<group>"; };
		F4EFE8ED2125305100E9EDA9 /* mobilebackup.h */ = {isa = PBXFileReference; fileEncoding = 4; lastKnownFileType = sourcecode.c.h; path = mobilebackup.h; sourceTree = "<group>"; };
		F4EFE8EE2125305200E9EDA9 /* libimobiledevice.a */ = {isa = PBXFileReference; lastKnownFileType = archive.ar; path = libimobiledevice.a; sourceTree = "<group>"; };
		F4EFE8EF2125305200E9EDA9 /* heartbeat.h */ = {isa = PBXFileReference; fileEncoding = 4; lastKnownFileType = sourcecode.c.h; path = heartbeat.h; sourceTree = "<group>"; };
		F4EFE8F02125305200E9EDA9 /* house_arrest.h */ = {isa = PBXFileReference; fileEncoding = 4; lastKnownFileType = sourcecode.c.h; path = house_arrest.h; sourceTree = "<group>"; };
		F4EFE8F12125305200E9EDA9 /* mobilebackup2.h */ = {isa = PBXFileReference; fileEncoding = 4; lastKnownFileType = sourcecode.c.h; path = mobilebackup2.h; sourceTree = "<group>"; };
		F4EFE8F22125305200E9EDA9 /* mobileactivation.h */ = {isa = PBXFileReference; fileEncoding = 4; lastKnownFileType = sourcecode.c.h; path = mobileactivation.h; sourceTree = "<group>"; };
		F4EFE8F32125305200E9EDA9 /* debugserver.h */ = {isa = PBXFileReference; fileEncoding = 4; lastKnownFileType = sourcecode.c.h; path = debugserver.h; sourceTree = "<group>"; };
		F4EFE8F42125305200E9EDA9 /* lockdown.h */ = {isa = PBXFileReference; fileEncoding = 4; lastKnownFileType = sourcecode.c.h; path = lockdown.h; sourceTree = "<group>"; };
		F4EFE8F52125305200E9EDA9 /* restore.h */ = {isa = PBXFileReference; fileEncoding = 4; lastKnownFileType = sourcecode.c.h; path = restore.h; sourceTree = "<group>"; };
		F4EFE8F62125305200E9EDA9 /* mobile_image_mounter.h */ = {isa = PBXFileReference; fileEncoding = 4; lastKnownFileType = sourcecode.c.h; path = mobile_image_mounter.h; sourceTree = "<group>"; };
		F4EFE8F72125305200E9EDA9 /* diagnostics_relay.h */ = {isa = PBXFileReference; fileEncoding = 4; lastKnownFileType = sourcecode.c.h; path = diagnostics_relay.h; sourceTree = "<group>"; };
		F4EFE8F82125305200E9EDA9 /* screenshotr.h */ = {isa = PBXFileReference; fileEncoding = 4; lastKnownFileType = sourcecode.c.h; path = screenshotr.h; sourceTree = "<group>"; };
		F4EFE8F92125305200E9EDA9 /* syslog_relay.h */ = {isa = PBXFileReference; fileEncoding = 4; lastKnownFileType = sourcecode.c.h; path = syslog_relay.h; sourceTree = "<group>"; };
		F4EFE8FA2125305200E9EDA9 /* file_relay.h */ = {isa = PBXFileReference; fileEncoding = 4; lastKnownFileType = sourcecode.c.h; path = file_relay.h; sourceTree = "<group>"; };
		F4EFE8FB2125305200E9EDA9 /* property_list_service.h */ = {isa = PBXFileReference; fileEncoding = 4; lastKnownFileType = sourcecode.c.h; path = property_list_service.h; sourceTree = "<group>"; };
		F4EFE8FC2125305300E9EDA9 /* libimobiledevice.h */ = {isa = PBXFileReference; fileEncoding = 4; lastKnownFileType = sourcecode.c.h; path = libimobiledevice.h; sourceTree = "<group>"; };
		F4EFE8FD2125305300E9EDA9 /* mobilesync.h */ = {isa = PBXFileReference; fileEncoding = 4; lastKnownFileType = sourcecode.c.h; path = mobilesync.h; sourceTree = "<group>"; };
		F4EFE8FE2125305300E9EDA9 /* sbservices.h */ = {isa = PBXFileReference; fileEncoding = 4; lastKnownFileType = sourcecode.c.h; path = sbservices.h; sourceTree = "<group>"; };
		F4EFE8FF2125305300E9EDA9 /* notification_proxy.h */ = {isa = PBXFileReference; fileEncoding = 4; lastKnownFileType = sourcecode.c.h; path = notification_proxy.h; sourceTree = "<group>"; };
		F4EFE9002125305300E9EDA9 /* service.h */ = {isa = PBXFileReference; fileEncoding = 4; lastKnownFileType = sourcecode.c.h; path = service.h; sourceTree = "<group>"; };
		F4EFE904212530CF00E9EDA9 /* libssl.a */ = {isa = PBXFileReference; lastKnownFileType = archive.ar; path = libssl.a; sourceTree = "<group>"; };
		F4EFE905212530CF00E9EDA9 /* libcrypto.a */ = {isa = PBXFileReference; lastKnownFileType = archive.ar; path = libcrypto.a; sourceTree = "<group>"; };
		F4EFE9092125583700E9EDA9 /* MDDeviceMonitor.h */ = {isa = PBXFileReference; lastKnownFileType = sourcecode.c.h; path = MDDeviceMonitor.h; sourceTree = "<group>"; };
		F4EFE90A2125583700E9EDA9 /* MDDeviceMonitor.m */ = {isa = PBXFileReference; lastKnownFileType = sourcecode.c.objc; path = MDDeviceMonitor.m; sourceTree = "<group>"; };
		F4EFE9192126D0B600E9EDA9 /* CrashImporterViewController.swift */ = {isa = PBXFileReference; lastKnownFileType = sourcecode.swift; path = CrashImporterViewController.swift; sourceTree = "<group>"; };
/* End PBXFileReference section */

/* Begin PBXFrameworksBuildPhase section */
		51BF9C4C1D6C7A1C00379BFC /* Frameworks */ = {
			isa = PBXFrameworksBuildPhase;
			buildActionMask = 2147483647;
			files = (
				514B4F6B1E30AC9100171990 /* Foundation.framework in Frameworks */,
			);
			runOnlyForDeploymentPostprocessing = 0;
		};
		B53E2F8822D48E28003BC45C /* Frameworks */ = {
			isa = PBXFrameworksBuildPhase;
			buildActionMask = 2147483647;
			files = (
				B53E2F9922D4948C003BC45C /* libcrypto.a in Frameworks */,
				B53E2F9822D49489003BC45C /* libssl.a in Frameworks */,
				B53E2F9C22D4949C003BC45C /* libimobiledevice.a in Frameworks */,
				B53E2F9B22D49496003BC45C /* libusbmuxd.a in Frameworks */,
				B53E2F9A22D49491003BC45C /* libplist.a in Frameworks */,
			);
			runOnlyForDeploymentPostprocessing = 0;
		};
		F49BD1E91D2FF46300024AAE /* Frameworks */ = {
			isa = PBXFrameworksBuildPhase;
			buildActionMask = 2147483647;
			files = (
				F400154821539E8500267818 /* Automator.framework in Frameworks */,
				F41CD76321291AA300F7CEFB /* libssl.a in Frameworks */,
				F41CD76221291AA300F7CEFB /* libcrypto.a in Frameworks */,
				F4EFE90D212580CB00E9EDA9 /* libplist.a in Frameworks */,
				F4EFE90C212580C700E9EDA9 /* libusbmuxd.a in Frameworks */,
				F4EFE9022125305300E9EDA9 /* libimobiledevice.a in Frameworks */,
			);
			runOnlyForDeploymentPostprocessing = 0;
		};
/* End PBXFrameworksBuildPhase section */

/* Begin PBXGroup section */
		514B4F691E30AC9000171990 /* Frameworks */ = {
			isa = PBXGroup;
			children = (
				F400154721539E8500267818 /* Automator.framework */,
				F4EFE82E2124361400E9EDA9 /* libboringssl.tbd */,
				514B4F6A1E30AC9100171990 /* Foundation.framework */,
			);
			name = Frameworks;
			sourceTree = "<group>";
		};
		51B5D2981D52166000B979C8 /* Tools */ = {
			isa = PBXGroup;
			children = (
				519FF5871D54BB2600B07A65 /* symbolicatecrash */,
			);
			name = Tools;
			sourceTree = "<group>";
		};
		51B8D7031D4F60EB00F2C24C /* Document */ = {
			isa = PBXGroup;
			children = (
				51B8D7041D4F620100F2C24C /* CrashDocument.swift */,
				F4A679731E21319D009F93E7 /* BundleDocument.swift */,
				F49030FE20F769ED00249832 /* DocumentController.swift */,
			);
			name = Document;
			sourceTree = "<group>";
		};
		51BF9C501D6C7A1C00379BFC /* SYMTests */ = {
			isa = PBXGroup;
			children = (
				51BF9C591D6C7ACC00379BFC /* UmengDemo.crash */,
				510777781EFBA4C30055E8BD /* AppleDemo.ips */,
				51C9A49F1EEFE98700F21AE4 /* ParserTests.swift */,
				B5EC56D127759AE5007EB567 /* ConfigTests.swift */,
				51BF9C531D6C7A1C00379BFC /* Info.plist */,
			);
			path = SYMTests;
			sourceTree = "<group>";
		};
		B50FE45425693C760031E62E /* Device */ = {
			isa = PBXGroup;
			children = (
				B5F2732425691658001BDE21 /* DeviceSidebarViewController.swift */,
				B50FE44925693ABF0031E62E /* DeviceHomeViewController.swift */,
				B5847A8C2569419600B674CA /* DeviceContentViewController.swift */,
				F4EFE9192126D0B600E9EDA9 /* CrashImporterViewController.swift */,
				B597FE1422DC8A9400BE439A /* FileBrowserViewController.swift */,
			);
			path = Device;
			sourceTree = "<group>";
		};
		B53E2F8C22D48E28003BC45C /* icp */ = {
			isa = PBXGroup;
			children = (
				B53E2F8D22D48E28003BC45C /* main.swift */,
				B53E2F9222D48EEB003BC45C /* ICP-Bridging-Header.h */,
			);
			path = icp;
			sourceTree = "<group>";
		};
		B59208CE22CE093400605B16 /* wrappers */ = {
			isa = PBXGroup;
			children = (
				F4EFE9092125583700E9EDA9 /* MDDeviceMonitor.h */,
				F4EFE90A2125583700E9EDA9 /* MDDeviceMonitor.m */,
				B53E2F7522D44838003BC45C /* MDLockdown.h */,
				B53E2F7622D44838003BC45C /* MDLockdown.m */,
				B53E2F8122D47E46003BC45C /* MDDeviceFile.h */,
				B53E2F8222D47E46003BC45C /* MDDeviceFile.m */,
				B53E2F7E22D477A3003BC45C /* MDAfcClient.h */,
				B53E2F7F22D477A3003BC45C /* MDAfcClient.m */,
				B53E2F8422D48383003BC45C /* MDHouseArrest.h */,
				B53E2F8522D48383003BC45C /* MDHouseArrest.m */,
				B5B97AED22DC737900F5DDF2 /* MDInstProxy.h */,
				B5B97AEE22DC737900F5DDF2 /* MDInstProxy.m */,
				B535D7342576223700502711 /* MDSBServices.h */,
				B535D7352576223700502711 /* MDSBServices.m */,
				B5089461258C838D0074254E /* MDScreenShotr.h */,
				B5089462258C838D0074254E /* MDScreenShotr.m */,
				B53E2F7822D4710C003BC45C /* MDUtil.h */,
				B53E2F7922D4710C003BC45C /* MDUtil.m */,
			);
			path = wrappers;
			sourceTree = "<group>";
		};
		B5F357A222C5E54A00111FF3 /* Resources */ = {
			isa = PBXGroup;
			children = (
				F49BD1F51D2FF46300024AAE /* Main.storyboard */,
				B5F3579522C5C8EF00111FF3 /* Device.storyboard */,
				B5F3579A22C5CAD400111FF3 /* ScriptImporter.storyboard */,
				B5F3579F22C5CB1000111FF3 /* Preferences.storyboard */,
				B5F357B322C5E90C00111FF3 /* Localizable.strings */,
				B56B9B8723A379CE00049491 /* Dsym.storyboard */,
			);
			path = Resources;
			sourceTree = "<group>";
		};
		F4095A32213F81520050D903 /* Dsym */ = {
			isa = PBXGroup;
			children = (
				B56BAA4F23A8E8EB00049491 /* DsymManager.swift */,
				F49E2D49214BB2D6001A6A88 /* DsymDownloader.swift */,
				B5AF3E0227A243AC0037AAAD /* template.sh */,
			);
			path = Dsym;
			sourceTree = "<group>";
		};
		F40B9DBB2123E31A000DF7C6 /* Models */ = {
			isa = PBXGroup;
			children = (
				F40B9DBD2123E32D000DF7C6 /* models.py */,
				F40B9DBC2123E32D000DF7C6 /* models.txt */,
			);
			path = Models;
			sourceTree = "<group>";
		};
		F43C129D1D39CEE0004952B4 /* images */ = {
			isa = PBXGroup;
			children = (
				F4CD14641D39D5B7006BAB2B /* file.icns */,
			);
			path = images;
			sourceTree = "<group>";
		};
		F45321061D30CC5F00639917 /* Utils */ = {
			isa = PBXGroup;
			children = (
				F40A36A31D3FBB7200F3B00C /* Regex.swift */,
				F45321031D30CC4600639917 /* Extensions.swift */,
				F45321091D30CCBF00639917 /* SubProcess.swift */,
				F422C7C21D36A66800066837 /* FileFinder.swift */,
				51CBD27F1FE79F7C00C1F91D /* HardwareModel.swift */,
				B5F3578622C30B7C00111FF3 /* Color.swift */,
				B5F3578822C3121200111FF3 /* Image.swift */,
				B5F357BC22C6062400111FF3 /* LineNumberRulerView.swift */,
				B56BAA5523A8ECDB00049491 /* MdfindWrapper.swift */,
			);
			name = Utils;
			sourceTree = "<group>";
		};
		F45321071D30CC6E00639917 /* UI */ = {
			isa = PBXGroup;
			children = (
				B50FE45425693C760031E62E /* Device */,
				B5F357A222C5E54A00111FF3 /* Resources */,
				F49E2D46214BA704001A6A88 /* Config.swift */,
				B5F3577D22C0878800111FF3 /* PreferencesViewController.swift */,
				F40543691D321E37009B2923 /* Window.swift */,
				F45B68F21E227B8100128D8D /* MainWindowController.swift */,
				51BF9C491D66AB8800379BFC /* TextView.swift */,
				51B8D7271D4F6A0000F2C24C /* ContentViewController.swift */,
				F40A369A1D3B5DCA00F3B00C /* AboutViewController.swift */,
				F49E2D44214BA5E3001A6A88 /* DownloadScriptViewController.swift */,
				B56B9B8C23A3869100049491 /* DsymViewController.swift */,
				B51F9B21256CE51200E52FAF /* DownloadToolbarItem.swift */,
				B51F9B27256CF06F00E52FAF /* DownloadStatusViewController.swift */,
				B51F9B7F256CF29D00E52FAF /* DsymStatusBarItem.swift */,
			);
			path = UI;
			sourceTree = "<group>";
		};
		F49BD1E31D2FF46300024AAE = {
			isa = PBXGroup;
			children = (
				F49BD1EE1D2FF46300024AAE /* SYM */,
				51BF9C501D6C7A1C00379BFC /* SYMTests */,
				B53E2F8C22D48E28003BC45C /* icp */,
				F49BD1ED1D2FF46300024AAE /* Products */,
				514B4F691E30AC9000171990 /* Frameworks */,
			);
			sourceTree = "<group>";
		};
		F49BD1ED1D2FF46300024AAE /* Products */ = {
			isa = PBXGroup;
			children = (
				F49BD1EC1D2FF46300024AAE /* SYM.app */,
				51BF9C4F1D6C7A1C00379BFC /* SYMTests.xctest */,
				B53E2F8B22D48E28003BC45C /* icp */,
			);
			name = Products;
			sourceTree = "<group>";
		};
		F49BD1EE1D2FF46300024AAE /* SYM */ = {
			isa = PBXGroup;
			children = (
				F4EFE7DE21242C0900E9EDA9 /* Device */,
				F40B9DBB2123E31A000DF7C6 /* Models */,
				51B5D2981D52166000B979C8 /* Tools */,
				F45321061D30CC5F00639917 /* Utils */,
				51B8D7031D4F60EB00F2C24C /* Document */,
				F4095A32213F81520050D903 /* Dsym */,
				F4CD14661D39DD95006BAB2B /* Crash */,
				F45321071D30CC6E00639917 /* UI */,
				F49BD1EF1D2FF46300024AAE /* AppDelegate.swift */,
				F4EFE81421242D9300E9EDA9 /* SYM-Bridging-Header.h */,
				F49BD1F81D2FF46300024AAE /* Info.plist */,
				F4CD14621D39D323006BAB2B /* Assets.xcassets */,
				F43C129D1D39CEE0004952B4 /* images */,
			);
			path = SYM;
			sourceTree = "<group>";
		};
		F4CD14661D39DD95006BAB2B /* Crash */ = {
			isa = PBXGroup;
			children = (
				F45320FA1D30A33C00639917 /* Crash.swift */,
				51C9A4A11EEFF78500F21AE4 /* Doctor.swift */,
				F4A8DC0F1D525DAC00ACC4E5 /* Symbolicate.swift */,
			);
			name = Crash;
			sourceTree = "<group>";
		};
		F4EFE7DE21242C0900E9EDA9 /* Device */ = {
			isa = PBXGroup;
			children = (
				F4EFE903212530BA00E9EDA9 /* openssl */,
				F4EFE81D2124357800E9EDA9 /* plist */,
				F4EFE815212430A600E9EDA9 /* usbmuxd */,
				F4EFE7FC21242CAA00E9EDA9 /* libimobiledevice */,
				B59208CE22CE093400605B16 /* wrappers */,
			);
			path = Device;
			sourceTree = "<group>";
		};
		F4EFE7FC21242CAA00E9EDA9 /* libimobiledevice */ = {
			isa = PBXGroup;
			children = (
				F4EFE8EE2125305200E9EDA9 /* libimobiledevice.a */,
				F4EFE8E82125305100E9EDA9 /* afc.h */,
				F4EFE8F32125305200E9EDA9 /* debugserver.h */,
				F4EFE8F72125305200E9EDA9 /* diagnostics_relay.h */,
				F4EFE8FA2125305200E9EDA9 /* file_relay.h */,
				F4EFE8EF2125305200E9EDA9 /* heartbeat.h */,
				F4EFE8F02125305200E9EDA9 /* house_arrest.h */,
				F4EFE8EB2125305100E9EDA9 /* installation_proxy.h */,
				F4EFE8FC2125305300E9EDA9 /* libimobiledevice.h */,
				F4EFE8F42125305200E9EDA9 /* lockdown.h */,
				F4EFE8EC2125305100E9EDA9 /* misagent.h */,
				F4EFE8F62125305200E9EDA9 /* mobile_image_mounter.h */,
				F4EFE8F22125305200E9EDA9 /* mobileactivation.h */,
				F4EFE8ED2125305100E9EDA9 /* mobilebackup.h */,
				F4EFE8F12125305200E9EDA9 /* mobilebackup2.h */,
				F4EFE8FD2125305300E9EDA9 /* mobilesync.h */,
				F4EFE8FF2125305300E9EDA9 /* notification_proxy.h */,
				F4EFE8FB2125305200E9EDA9 /* property_list_service.h */,
				F4EFE8F52125305200E9EDA9 /* restore.h */,
				F4EFE8FE2125305300E9EDA9 /* sbservices.h */,
				F4EFE8F82125305200E9EDA9 /* screenshotr.h */,
				F4EFE9002125305300E9EDA9 /* service.h */,
				F4EFE8F92125305200E9EDA9 /* syslog_relay.h */,
				F4EFE8E92125305100E9EDA9 /* webinspector.h */,
			);
			path = libimobiledevice;
			sourceTree = "<group>";
		};
		F4EFE815212430A600E9EDA9 /* usbmuxd */ = {
			isa = PBXGroup;
			children = (
				F4EFE816212430A600E9EDA9 /* usbmuxd.h */,
				F4EFE817212430A600E9EDA9 /* usbmuxd-proto.h */,
				F4EFE818212430A600E9EDA9 /* libusbmuxd.a */,
			);
			path = usbmuxd;
			sourceTree = "<group>";
		};
		F4EFE81D2124357800E9EDA9 /* plist */ = {
			isa = PBXGroup;
			children = (
				F4EFE81E2124357800E9EDA9 /* Structure.h */,
				F4EFE81F2124357800E9EDA9 /* Data.h */,
				F4EFE8202124357800E9EDA9 /* Key.h */,
				F4EFE8212124357800E9EDA9 /* Date.h */,
				F4EFE8222124357800E9EDA9 /* Node.h */,
				F4EFE8232124357800E9EDA9 /* Real.h */,
				F4EFE8242124357800E9EDA9 /* Boolean.h */,
				F4EFE8252124357800E9EDA9 /* Dictionary.h */,
				F4EFE8262124357800E9EDA9 /* plist++.h */,
				F4EFE8272124357800E9EDA9 /* Array.h */,
				F4EFE8282124357800E9EDA9 /* libplist.a */,
				F4EFE8292124357800E9EDA9 /* Integer.h */,
				F4EFE82A2124357800E9EDA9 /* plist.h */,
				F4EFE82B2124357800E9EDA9 /* Uid.h */,
				F4EFE82C2124357800E9EDA9 /* String.h */,
			);
			path = plist;
			sourceTree = "<group>";
		};
		F4EFE903212530BA00E9EDA9 /* openssl */ = {
			isa = PBXGroup;
			children = (
				F4EFE905212530CF00E9EDA9 /* libcrypto.a */,
				F4EFE904212530CF00E9EDA9 /* libssl.a */,
			);
			path = openssl;
			sourceTree = "<group>";
		};
/* End PBXGroup section */

/* Begin PBXNativeTarget section */
		51BF9C4E1D6C7A1C00379BFC /* SYMTests */ = {
			isa = PBXNativeTarget;
			buildConfigurationList = 51BF9C581D6C7A1C00379BFC /* Build configuration list for PBXNativeTarget "SYMTests" */;
			buildPhases = (
				51BF9C4B1D6C7A1C00379BFC /* Sources */,
				51BF9C4C1D6C7A1C00379BFC /* Frameworks */,
				51BF9C4D1D6C7A1C00379BFC /* Resources */,
			);
			buildRules = (
			);
			dependencies = (
				51BF9C551D6C7A1C00379BFC /* PBXTargetDependency */,
			);
			name = SYMTests;
			productName = SYMTests;
			productReference = 51BF9C4F1D6C7A1C00379BFC /* SYMTests.xctest */;
			productType = "com.apple.product-type.bundle.unit-test";
		};
		B53E2F8A22D48E28003BC45C /* icp */ = {
			isa = PBXNativeTarget;
			buildConfigurationList = B53E2F8F22D48E28003BC45C /* Build configuration list for PBXNativeTarget "icp" */;
			buildPhases = (
				B53E2F8722D48E28003BC45C /* Sources */,
				B53E2F8822D48E28003BC45C /* Frameworks */,
				B53E2F8922D48E28003BC45C /* CopyFiles */,
			);
			buildRules = (
			);
			dependencies = (
			);
			name = icp;
			productName = icp;
			productReference = B53E2F8B22D48E28003BC45C /* icp */;
			productType = "com.apple.product-type.tool";
		};
		F49BD1EB1D2FF46300024AAE /* SYM */ = {
			isa = PBXNativeTarget;
			buildConfigurationList = F49BD2111D2FF46400024AAE /* Build configuration list for PBXNativeTarget "SYM" */;
			buildPhases = (
				F49BD1E81D2FF46300024AAE /* Sources */,
				F49BD1E91D2FF46300024AAE /* Frameworks */,
				F49BD1EA1D2FF46300024AAE /* Resources */,
				B5CDF0FB279A8E1C00BBFE9A /* Copy buildin download script */,
			);
			buildRules = (
			);
			dependencies = (
			);
			name = SYM;
			productName = SYM;
			productReference = F49BD1EC1D2FF46300024AAE /* SYM.app */;
			productType = "com.apple.product-type.application";
		};
/* End PBXNativeTarget section */

/* Begin PBXProject section */
		F49BD1E41D2FF46300024AAE /* Project object */ = {
			isa = PBXProject;
			attributes = {
				DefaultBuildSystemTypeForWorkspace = Latest;
				LastSwiftUpdateCheck = 1020;
				LastUpgradeCheck = 1220;
				ORGANIZATIONNAME = zqqf16;
				TargetAttributes = {
					51BF9C4E1D6C7A1C00379BFC = {
						CreatedOnToolsVersion = 7.3.1;
						LastSwiftMigration = 1020;
						TestTargetID = F49BD1EB1D2FF46300024AAE;
					};
					B53E2F8A22D48E28003BC45C = {
						CreatedOnToolsVersion = 10.2.1;
						DevelopmentTeam = BPL95996PK;
						ProvisioningStyle = Automatic;
					};
					B5F357B722C5FDD900111FF3 = {
						CreatedOnToolsVersion = 10.2.1;
						DevelopmentTeam = BPL95996PK;
						ProvisioningStyle = Automatic;
					};
					F49BD1EB1D2FF46300024AAE = {
						CreatedOnToolsVersion = 7.3.1;
						DevelopmentTeam = BPL95996PK;
						LastSwiftMigration = 0900;
						ProvisioningStyle = Automatic;
					};
				};
			};
			buildConfigurationList = F49BD1E71D2FF46300024AAE /* Build configuration list for PBXProject "SYM" */;
			compatibilityVersion = "Xcode 3.2";
			developmentRegion = en;
			hasScannedForEncodings = 0;
			knownRegions = (
				en,
				Base,
				"zh-Hans",
			);
			mainGroup = F49BD1E31D2FF46300024AAE;
			productRefGroup = F49BD1ED1D2FF46300024AAE /* Products */;
			projectDirPath = "";
			projectRoot = "";
			targets = (
				F49BD1EB1D2FF46300024AAE /* SYM */,
				51BF9C4E1D6C7A1C00379BFC /* SYMTests */,
				B5F357B722C5FDD900111FF3 /* UpdateModel */,
				B53E2F8A22D48E28003BC45C /* icp */,
			);
		};
/* End PBXProject section */

/* Begin PBXResourcesBuildPhase section */
		51BF9C4D1D6C7A1C00379BFC /* Resources */ = {
			isa = PBXResourcesBuildPhase;
			buildActionMask = 2147483647;
			files = (
				510777791EFBA4E20055E8BD /* AppleDemo.ips in Resources */,
				51BF9C5A1D6C7ACC00379BFC /* UmengDemo.crash in Resources */,
			);
			runOnlyForDeploymentPostprocessing = 0;
		};
		F49BD1EA1D2FF46300024AAE /* Resources */ = {
			isa = PBXResourcesBuildPhase;
			buildActionMask = 2147483647;
			files = (
				F4CD14651D39D5B7006BAB2B /* file.icns in Resources */,
				F49BD1F71D2FF46300024AAE /* Main.storyboard in Resources */,
				F40B9DBE2123E32D000DF7C6 /* models.txt in Resources */,
				F4CD14631D39D323006BAB2B /* Assets.xcassets in Resources */,
				B5F357B522C5E90C00111FF3 /* Localizable.strings in Resources */,
				B5AF3E0327A243AC0037AAAD /* template.sh in Resources */,
				B56B9B8923A379CE00049491 /* Dsym.storyboard in Resources */,
				B5F3579322C5C8EF00111FF3 /* Device.storyboard in Resources */,
				B5F3579822C5CAD400111FF3 /* ScriptImporter.storyboard in Resources */,
				519FF5881D54BB2600B07A65 /* symbolicatecrash in Resources */,
				B5F3579D22C5CB1000111FF3 /* Preferences.storyboard in Resources */,
			);
			runOnlyForDeploymentPostprocessing = 0;
		};
/* End PBXResourcesBuildPhase section */

/* Begin PBXShellScriptBuildPhase section */
		B5CDF0FB279A8E1C00BBFE9A /* Copy buildin download script */ = {
			isa = PBXShellScriptBuildPhase;
			buildActionMask = 2147483647;
			files = (
			);
			inputFileListPaths = (
			);
			inputPaths = (
			);
			name = "Copy buildin download script";
			outputFileListPaths = (
			);
			outputPaths = (
			);
			runOnlyForDeploymentPostprocessing = 0;
			shellPath = /bin/sh;
			shellScript = "if test -n \"${BUILDIN_DOWNLOAD_SCRIPT_PATH}\"; then\n    echo \"Copy buildin download script ${BUILDIN_DOWNLOAD_SCRIPT_PATH}\"\n    cp ${BUILDIN_DOWNLOAD_SCRIPT_PATH} \"${TARGET_BUILD_DIR}/${UNLOCALIZED_RESOURCES_FOLDER_PATH}/download.sh\"\nelse\n    echo \"Without buildin download script\"\nfi\n";
		};
		B5F357BB22C5FDE300111FF3 /* ShellScript */ = {
			isa = PBXShellScriptBuildPhase;
			buildActionMask = 2147483647;
			files = (
			);
			inputFileListPaths = (
			);
			inputPaths = (
			);
			outputFileListPaths = (
			);
			outputPaths = (
			);
			runOnlyForDeploymentPostprocessing = 0;
			shellPath = /bin/sh;
			shellScript = "# Type a script or drag a script file from your workspace to insert its path.\npython3 \"$PROJECT_DIR\"/SYM/Models/models.py > \"$PROJECT_DIR\"/SYM/Models/models.txt\n";
		};
/* End PBXShellScriptBuildPhase section */

/* Begin PBXSourcesBuildPhase section */
		51BF9C4B1D6C7A1C00379BFC /* Sources */ = {
			isa = PBXSourcesBuildPhase;
			buildActionMask = 2147483647;
			files = (
				B59B327022E0113300013B67 /* MDInstProxy.m in Sources */,
				B59B326F22E0113100013B67 /* MDHouseArrest.m in Sources */,
				B59B327122E0113600013B67 /* MDUtil.m in Sources */,
				B59B326C22E0112800013B67 /* MDLockdown.m in Sources */,
				B5EC56D227759AE5007EB567 /* ConfigTests.swift in Sources */,
				B59B326E22E0112E00013B67 /* MDAfcClient.m in Sources */,
				51C9A4A01EEFE98700F21AE4 /* ParserTests.swift in Sources */,
				B59B326D22E0112B00013B67 /* MDDeviceFile.m in Sources */,
				B59B326B22E0112400013B67 /* MDDeviceMonitor.m in Sources */,
			);
			runOnlyForDeploymentPostprocessing = 0;
		};
		B53E2F8722D48E28003BC45C /* Sources */ = {
			isa = PBXSourcesBuildPhase;
			buildActionMask = 2147483647;
			files = (
				B5B97AF022DC737900F5DDF2 /* MDInstProxy.m in Sources */,
				B53E2F9422D49471003BC45C /* MDDeviceFile.m in Sources */,
				B53E2F8E22D48E28003BC45C /* main.swift in Sources */,
				B53E2F9722D49479003BC45C /* MDUtil.m in Sources */,
				B53E2F9522D49473003BC45C /* MDAfcClient.m in Sources */,
				B53E2F9322D4946E003BC45C /* MDLockdown.m in Sources */,
				B53E2F9622D49476003BC45C /* MDHouseArrest.m in Sources */,
				B535D7372576223800502711 /* MDSBServices.m in Sources */,
			);
			runOnlyForDeploymentPostprocessing = 0;
		};
		F49BD1E81D2FF46300024AAE /* Sources */ = {
			isa = PBXSourcesBuildPhase;
			buildActionMask = 2147483647;
			files = (
				B535D7362576223800502711 /* MDSBServices.m in Sources */,
				B53E2F8622D48383003BC45C /* MDHouseArrest.m in Sources */,
				F40A36A41D3FBB7200F3B00C /* Regex.swift in Sources */,
				B5F3578922C3121200111FF3 /* Image.swift in Sources */,
				F4A8DC101D525DAC00ACC4E5 /* Symbolicate.swift in Sources */,
				F49BD1F01D2FF46300024AAE /* AppDelegate.swift in Sources */,
				B53E2F8022D477A3003BC45C /* MDAfcClient.m in Sources */,
				F422C7C31D36A66800066837 /* FileFinder.swift in Sources */,
				B5F2732525691658001BDE21 /* DeviceSidebarViewController.swift in Sources */,
				F45320FB1D30A33C00639917 /* Crash.swift in Sources */,
				F40A369C1D3B5DCA00F3B00C /* AboutViewController.swift in Sources */,
				B5F357BD22C6062400111FF3 /* LineNumberRulerView.swift in Sources */,
				51CBD2801FE79F7C00C1F91D /* HardwareModel.swift in Sources */,
				F49E2D4A214BB2D6001A6A88 /* DsymDownloader.swift in Sources */,
				F453210A1D30CCBF00639917 /* SubProcess.swift in Sources */,
				B5847A8D2569419600B674CA /* DeviceContentViewController.swift in Sources */,
				F45321041D30CC4600639917 /* Extensions.swift in Sources */,
				F45B68F31E227B8100128D8D /* MainWindowController.swift in Sources */,
				F49E2D47214BA704001A6A88 /* Config.swift in Sources */,
				B51F9B22256CE51200E52FAF /* DownloadToolbarItem.swift in Sources */,
				B51F9B80256CF29D00E52FAF /* DsymStatusBarItem.swift in Sources */,
				B56BAA5023A8E8EB00049491 /* DsymManager.swift in Sources */,
				B56BAA5623A8ECDB00049491 /* MdfindWrapper.swift in Sources */,
				B51F9B28256CF06F00E52FAF /* DownloadStatusViewController.swift in Sources */,
				B53E2F8322D47E46003BC45C /* MDDeviceFile.m in Sources */,
				B50FE44A25693ABF0031E62E /* DeviceHomeViewController.swift in Sources */,
				F405436A1D321E37009B2923 /* Window.swift in Sources */,
				F49E2D45214BA5E3001A6A88 /* DownloadScriptViewController.swift in Sources */,
				F49030FF20F769ED00249832 /* DocumentController.swift in Sources */,
				F4EFE91A2126D0B600E9EDA9 /* CrashImporterViewController.swift in Sources */,
				B5B97AEF22DC737900F5DDF2 /* MDInstProxy.m in Sources */,
				B5089463258C838D0074254E /* MDScreenShotr.m in Sources */,
				B53E2F7722D44838003BC45C /* MDLockdown.m in Sources */,
				F4EFE90B2125583700E9EDA9 /* MDDeviceMonitor.m in Sources */,
				F4A679741E21319D009F93E7 /* BundleDocument.swift in Sources */,
				B597FE1522DC8A9400BE439A /* FileBrowserViewController.swift in Sources */,
				51B8D7281D4F6A0000F2C24C /* ContentViewController.swift in Sources */,
				51C9A4A21EEFF78500F21AE4 /* Doctor.swift in Sources */,
				B5F3578722C30B7C00111FF3 /* Color.swift in Sources */,
				B5F3577E22C0878800111FF3 /* PreferencesViewController.swift in Sources */,
				B53E2F7A22D4710C003BC45C /* MDUtil.m in Sources */,
				51BF9C4A1D66AB8800379BFC /* TextView.swift in Sources */,
				51B8D7051D4F620100F2C24C /* CrashDocument.swift in Sources */,
				B56B9B8D23A3869100049491 /* DsymViewController.swift in Sources */,
			);
			runOnlyForDeploymentPostprocessing = 0;
		};
/* End PBXSourcesBuildPhase section */

/* Begin PBXTargetDependency section */
		51BF9C551D6C7A1C00379BFC /* PBXTargetDependency */ = {
			isa = PBXTargetDependency;
			target = F49BD1EB1D2FF46300024AAE /* SYM */;
			targetProxy = 51BF9C541D6C7A1C00379BFC /* PBXContainerItemProxy */;
		};
/* End PBXTargetDependency section */

/* Begin PBXVariantGroup section */
		B56B9B8723A379CE00049491 /* Dsym.storyboard */ = {
			isa = PBXVariantGroup;
			children = (
				B56B9B8823A379CE00049491 /* Base */,
				B569D8FC23ACA29E00ACEB6C /* zh-Hans */,
			);
			name = Dsym.storyboard;
			sourceTree = "<group>";
		};
		B5F3579522C5C8EF00111FF3 /* Device.storyboard */ = {
			isa = PBXVariantGroup;
			children = (
				B5F3579622C5C8F600111FF3 /* Base */,
				B5F3579722C5C90A00111FF3 /* zh-Hans */,
			);
			name = Device.storyboard;
			sourceTree = "<group>";
		};
		B5F3579A22C5CAD400111FF3 /* ScriptImporter.storyboard */ = {
			isa = PBXVariantGroup;
			children = (
				B5F3579B22C5CADD00111FF3 /* Base */,
				B5F3579C22C5CAE400111FF3 /* zh-Hans */,
			);
			name = ScriptImporter.storyboard;
			sourceTree = "<group>";
		};
		B5F3579F22C5CB1000111FF3 /* Preferences.storyboard */ = {
			isa = PBXVariantGroup;
			children = (
				B5F3579E22C5CB1000111FF3 /* Base */,
				B5F357A122C5CB1600111FF3 /* zh-Hans */,
			);
			name = Preferences.storyboard;
			sourceTree = "<group>";
		};
		B5F357B322C5E90C00111FF3 /* Localizable.strings */ = {
			isa = PBXVariantGroup;
			children = (
				B5F357B422C5E90C00111FF3 /* Base */,
				B5F357B622C5E92000111FF3 /* zh-Hans */,
			);
			name = Localizable.strings;
			sourceTree = "<group>";
		};
		F49BD1F51D2FF46300024AAE /* Main.storyboard */ = {
			isa = PBXVariantGroup;
			children = (
				F49BD1F61D2FF46300024AAE /* Base */,
				B5F3579222C5C8C300111FF3 /* zh-Hans */,
			);
			name = Main.storyboard;
			sourceTree = "<group>";
		};
/* End PBXVariantGroup section */

/* Begin XCBuildConfiguration section */
		51BF9C561D6C7A1C00379BFC /* Debug */ = {
			isa = XCBuildConfiguration;
			buildSettings = {
				BUNDLE_LOADER = "$(TEST_HOST)";
				COMBINE_HIDPI_IMAGES = YES;
				INFOPLIST_FILE = SYMTests/Info.plist;
				LD_RUNPATH_SEARCH_PATHS = "$(inherited) @executable_path/../Frameworks @loader_path/../Frameworks";
				MACOSX_DEPLOYMENT_TARGET = 11.0;
				PRODUCT_BUNDLE_IDENTIFIER = im.zorro.SYMTests;
				PRODUCT_NAME = "$(TARGET_NAME)";
				SWIFT_VERSION = 5.0;
				SYSTEM_FRAMEWORK_SEARCH_PATHS = "";
				SYSTEM_HEADER_SEARCH_PATHS = "$(PROJECT_DIR)/SYM/Device";
				TEST_HOST = "$(BUILT_PRODUCTS_DIR)/SYM.app/Contents/MacOS/SYM";
				VALID_ARCHS = x86_64;
			};
			name = Debug;
		};
		51BF9C571D6C7A1C00379BFC /* Release */ = {
			isa = XCBuildConfiguration;
			buildSettings = {
				BUNDLE_LOADER = "$(TEST_HOST)";
				COMBINE_HIDPI_IMAGES = YES;
				INFOPLIST_FILE = SYMTests/Info.plist;
				LD_RUNPATH_SEARCH_PATHS = "$(inherited) @executable_path/../Frameworks @loader_path/../Frameworks";
				MACOSX_DEPLOYMENT_TARGET = 11.0;
				PRODUCT_BUNDLE_IDENTIFIER = im.zorro.SYMTests;
				PRODUCT_NAME = "$(TARGET_NAME)";
				SWIFT_OPTIMIZATION_LEVEL = "-Owholemodule";
				SWIFT_VERSION = 5.0;
				SYSTEM_FRAMEWORK_SEARCH_PATHS = "";
				SYSTEM_HEADER_SEARCH_PATHS = "$(PROJECT_DIR)/SYM/Device";
				TEST_HOST = "$(BUILT_PRODUCTS_DIR)/SYM.app/Contents/MacOS/SYM";
				VALID_ARCHS = x86_64;
			};
			name = Release;
		};
		B53E2F9022D48E28003BC45C /* Debug */ = {
			isa = XCBuildConfiguration;
			buildSettings = {
				CLANG_ANALYZER_NUMBER_OBJECT_CONVERSION = YES_AGGRESSIVE;
				CLANG_CXX_LANGUAGE_STANDARD = "gnu++14";
				CLANG_ENABLE_OBJC_WEAK = YES;
				CLANG_WARN_DOCUMENTATION_COMMENTS = YES;
				CLANG_WARN_UNGUARDED_AVAILABILITY = YES_AGGRESSIVE;
				CODE_SIGN_IDENTITY = "Mac Developer";
				CODE_SIGN_STYLE = Automatic;
				DEVELOPMENT_TEAM = BPL95996PK;
				ENABLE_HARDENED_RUNTIME = YES;
				GCC_C_LANGUAGE_STANDARD = gnu11;
				HEADER_SEARCH_PATHS = "$(PROJECT_DIR)/SYM/Device/libimobiledevice";
				LIBRARY_SEARCH_PATHS = (
					"$(inherited)",
					"$(PROJECT_DIR)/SYM/Device/openssl",
					"$(PROJECT_DIR)/SYM/Device/plist",
					"$(PROJECT_DIR)/SYM/Device/usbmuxd",
					"$(PROJECT_DIR)/SYM/Device/libimobiledevice",
				);
				MACOSX_DEPLOYMENT_TARGET = 10.12;
				MTL_ENABLE_DEBUG_INFO = INCLUDE_SOURCE;
				MTL_FAST_MATH = YES;
				PRODUCT_NAME = "$(TARGET_NAME)";
				SWIFT_ACTIVE_COMPILATION_CONDITIONS = DEBUG;
				SWIFT_OBJC_BRIDGING_HEADER = "$(PROJECT_DIR)/icp/ICP-Bridging-Header.h";
				SWIFT_VERSION = 5.0;
				SYSTEM_HEADER_SEARCH_PATHS = "$(PROJECT_DIR)/SYM/Device";
			};
			name = Debug;
		};
		B53E2F9122D48E28003BC45C /* Release */ = {
			isa = XCBuildConfiguration;
			buildSettings = {
				CLANG_ANALYZER_NUMBER_OBJECT_CONVERSION = YES_AGGRESSIVE;
				CLANG_CXX_LANGUAGE_STANDARD = "gnu++14";
				CLANG_ENABLE_OBJC_WEAK = YES;
				CLANG_WARN_DOCUMENTATION_COMMENTS = YES;
				CLANG_WARN_UNGUARDED_AVAILABILITY = YES_AGGRESSIVE;
				CODE_SIGN_IDENTITY = "Mac Developer";
				CODE_SIGN_STYLE = Automatic;
				DEVELOPMENT_TEAM = BPL95996PK;
				ENABLE_HARDENED_RUNTIME = YES;
				GCC_C_LANGUAGE_STANDARD = gnu11;
				HEADER_SEARCH_PATHS = "$(PROJECT_DIR)/SYM/Device/libimobiledevice";
				LIBRARY_SEARCH_PATHS = (
					"$(inherited)",
					"$(PROJECT_DIR)/SYM/Device/openssl",
					"$(PROJECT_DIR)/SYM/Device/plist",
					"$(PROJECT_DIR)/SYM/Device/usbmuxd",
					"$(PROJECT_DIR)/SYM/Device/libimobiledevice",
				);
				MACOSX_DEPLOYMENT_TARGET = 10.12;
				MTL_FAST_MATH = YES;
				PRODUCT_NAME = "$(TARGET_NAME)";
				SWIFT_OBJC_BRIDGING_HEADER = "$(PROJECT_DIR)/icp/ICP-Bridging-Header.h";
				SWIFT_OPTIMIZATION_LEVEL = "-Owholemodule";
				SWIFT_VERSION = 5.0;
				SYSTEM_HEADER_SEARCH_PATHS = "$(PROJECT_DIR)/SYM/Device";
			};
			name = Release;
		};
		B5F357B822C5FDDA00111FF3 /* Debug */ = {
			isa = XCBuildConfiguration;
			buildSettings = {
				CODE_SIGN_STYLE = Automatic;
				DEVELOPMENT_TEAM = BPL95996PK;
				PRODUCT_NAME = "$(TARGET_NAME)";
			};
			name = Debug;
		};
		B5F357B922C5FDDA00111FF3 /* Release */ = {
			isa = XCBuildConfiguration;
			buildSettings = {
				CODE_SIGN_STYLE = Automatic;
				DEVELOPMENT_TEAM = BPL95996PK;
				PRODUCT_NAME = "$(TARGET_NAME)";
			};
			name = Release;
		};
		F49BD20F1D2FF46400024AAE /* Debug */ = {
			isa = XCBuildConfiguration;
			buildSettings = {
				ALWAYS_SEARCH_USER_PATHS = NO;
				CLANG_ANALYZER_LOCALIZABILITY_NONLOCALIZED = YES;
				CLANG_ANALYZER_NONNULL = YES;
				CLANG_CXX_LANGUAGE_STANDARD = "gnu++0x";
				CLANG_CXX_LIBRARY = "libc++";
				CLANG_ENABLE_MODULES = YES;
				CLANG_ENABLE_OBJC_ARC = YES;
				CLANG_WARN_BLOCK_CAPTURE_AUTORELEASING = YES;
				CLANG_WARN_BOOL_CONVERSION = YES;
				CLANG_WARN_COMMA = YES;
				CLANG_WARN_CONSTANT_CONVERSION = YES;
				CLANG_WARN_DEPRECATED_OBJC_IMPLEMENTATIONS = YES;
				CLANG_WARN_DIRECT_OBJC_ISA_USAGE = YES_ERROR;
				CLANG_WARN_EMPTY_BODY = YES;
				CLANG_WARN_ENUM_CONVERSION = YES;
				CLANG_WARN_INFINITE_RECURSION = YES;
				CLANG_WARN_INT_CONVERSION = YES;
				CLANG_WARN_NON_LITERAL_NULL_CONVERSION = YES;
				CLANG_WARN_OBJC_IMPLICIT_RETAIN_SELF = YES;
				CLANG_WARN_OBJC_LITERAL_CONVERSION = YES;
				CLANG_WARN_OBJC_ROOT_CLASS = YES_ERROR;
				CLANG_WARN_QUOTED_INCLUDE_IN_FRAMEWORK_HEADER = YES;
				CLANG_WARN_RANGE_LOOP_ANALYSIS = YES;
				CLANG_WARN_STRICT_PROTOTYPES = YES;
				CLANG_WARN_SUSPICIOUS_MOVE = YES;
				CLANG_WARN_UNREACHABLE_CODE = YES;
				CLANG_WARN__DUPLICATE_METHOD_MATCH = YES;
				CODE_SIGN_IDENTITY = "-";
				COPY_PHASE_STRIP = NO;
				DEBUG_INFORMATION_FORMAT = dwarf;
				ENABLE_STRICT_OBJC_MSGSEND = YES;
				ENABLE_TESTABILITY = YES;
				GCC_C_LANGUAGE_STANDARD = gnu99;
				GCC_DYNAMIC_NO_PIC = NO;
				GCC_NO_COMMON_BLOCKS = YES;
				GCC_OPTIMIZATION_LEVEL = 0;
				GCC_PREPROCESSOR_DEFINITIONS = (
					"DEBUG=1",
					"$(inherited)",
				);
				GCC_WARN_64_TO_32_BIT_CONVERSION = YES;
				GCC_WARN_ABOUT_RETURN_TYPE = YES_ERROR;
				GCC_WARN_UNDECLARED_SELECTOR = YES;
				GCC_WARN_UNINITIALIZED_AUTOS = YES_AGGRESSIVE;
				GCC_WARN_UNUSED_FUNCTION = YES;
				GCC_WARN_UNUSED_VARIABLE = YES;
				MACOSX_DEPLOYMENT_TARGET = 11.0;
				MTL_ENABLE_DEBUG_INFO = YES;
				ONLY_ACTIVE_ARCH = YES;
				SDKROOT = macosx;
				SWIFT_OPTIMIZATION_LEVEL = "-Onone";
			};
			name = Debug;
		};
		F49BD2101D2FF46400024AAE /* Release */ = {
			isa = XCBuildConfiguration;
			buildSettings = {
				ALWAYS_SEARCH_USER_PATHS = NO;
				CLANG_ANALYZER_LOCALIZABILITY_NONLOCALIZED = YES;
				CLANG_ANALYZER_NONNULL = YES;
				CLANG_CXX_LANGUAGE_STANDARD = "gnu++0x";
				CLANG_CXX_LIBRARY = "libc++";
				CLANG_ENABLE_MODULES = YES;
				CLANG_ENABLE_OBJC_ARC = YES;
				CLANG_WARN_BLOCK_CAPTURE_AUTORELEASING = YES;
				CLANG_WARN_BOOL_CONVERSION = YES;
				CLANG_WARN_COMMA = YES;
				CLANG_WARN_CONSTANT_CONVERSION = YES;
				CLANG_WARN_DEPRECATED_OBJC_IMPLEMENTATIONS = YES;
				CLANG_WARN_DIRECT_OBJC_ISA_USAGE = YES_ERROR;
				CLANG_WARN_EMPTY_BODY = YES;
				CLANG_WARN_ENUM_CONVERSION = YES;
				CLANG_WARN_INFINITE_RECURSION = YES;
				CLANG_WARN_INT_CONVERSION = YES;
				CLANG_WARN_NON_LITERAL_NULL_CONVERSION = YES;
				CLANG_WARN_OBJC_IMPLICIT_RETAIN_SELF = YES;
				CLANG_WARN_OBJC_LITERAL_CONVERSION = YES;
				CLANG_WARN_OBJC_ROOT_CLASS = YES_ERROR;
				CLANG_WARN_QUOTED_INCLUDE_IN_FRAMEWORK_HEADER = YES;
				CLANG_WARN_RANGE_LOOP_ANALYSIS = YES;
				CLANG_WARN_STRICT_PROTOTYPES = YES;
				CLANG_WARN_SUSPICIOUS_MOVE = YES;
				CLANG_WARN_UNREACHABLE_CODE = YES;
				CLANG_WARN__DUPLICATE_METHOD_MATCH = YES;
				CODE_SIGN_IDENTITY = "-";
				COPY_PHASE_STRIP = NO;
				DEBUG_INFORMATION_FORMAT = "dwarf-with-dsym";
				ENABLE_NS_ASSERTIONS = NO;
				ENABLE_STRICT_OBJC_MSGSEND = YES;
				GCC_C_LANGUAGE_STANDARD = gnu99;
				GCC_NO_COMMON_BLOCKS = YES;
				GCC_WARN_64_TO_32_BIT_CONVERSION = YES;
				GCC_WARN_ABOUT_RETURN_TYPE = YES_ERROR;
				GCC_WARN_UNDECLARED_SELECTOR = YES;
				GCC_WARN_UNINITIALIZED_AUTOS = YES_AGGRESSIVE;
				GCC_WARN_UNUSED_FUNCTION = YES;
				GCC_WARN_UNUSED_VARIABLE = YES;
				MACOSX_DEPLOYMENT_TARGET = 11.0;
				MTL_ENABLE_DEBUG_INFO = NO;
				SDKROOT = macosx;
				SWIFT_COMPILATION_MODE = wholemodule;
			};
			name = Release;
		};
		F49BD2121D2FF46400024AAE /* Debug */ = {
			isa = XCBuildConfiguration;
			buildSettings = {
				ASSETCATALOG_COMPILER_APPICON_NAME = AppIcon;
				CODE_SIGN_IDENTITY = "Mac Developer";
				"CODE_SIGN_IDENTITY[sdk=macosx*]" = "";
				CODE_SIGN_STYLE = Automatic;
				COMBINE_HIDPI_IMAGES = YES;
				CURRENT_PROJECT_VERSION = 91;
				DEVELOPMENT_TEAM = BPL95996PK;
				ENABLE_HARDENED_RUNTIME = YES;
				GCC_PREPROCESSOR_DEFINITIONS = "DEBUG=1";
				HEADER_SEARCH_PATHS = (
					"$(PROJECT_DIR)/SYM/Device",
					"$(PROJECT_DIR)/SYM/Device/libimobiledevice",
				);
				INFOPLIST_FILE = SYM/Info.plist;
				LD_RUNPATH_SEARCH_PATHS = "$(inherited) @executable_path/../Frameworks";
				LIBRARY_SEARCH_PATHS = (
					"$(inherited)",
					"$(PROJECT_DIR)/SYM/Device/libimobiledevice",
					"$(PROJECT_DIR)/SYM/Device/openssl",
					"$(PROJECT_DIR)/SYM/Device/usbmuxd",
					"$(PROJECT_DIR)/SYM/Device/plist",
				);
				MACOSX_DEPLOYMENT_TARGET = 11.0;
				MARKETING_VERSION = 0.8.3;
				PRODUCT_BUNDLE_IDENTIFIER = im.zorro.SYM;
				PRODUCT_NAME = "$(TARGET_NAME)";
				PROVISIONING_PROFILE = "";
				PROVISIONING_PROFILE_SPECIFIER = "";
				SWIFT_OBJC_BRIDGING_HEADER = "$(PROJECT_DIR)/SYM/SYM-Bridging-Header.h";
				SWIFT_SWIFT3_OBJC_INFERENCE = Default;
				SWIFT_VERSION = 5.0;
				SYSTEM_HEADER_SEARCH_PATHS = "$(PROJECT_DIR)/SYM/Device";
				VALID_ARCHS = x86_64;
			};
			name = Debug;
		};
		F49BD2131D2FF46400024AAE /* Release */ = {
			isa = XCBuildConfiguration;
			buildSettings = {
				ASSETCATALOG_COMPILER_APPICON_NAME = AppIcon;
				CODE_SIGN_IDENTITY = "Mac Developer";
				"CODE_SIGN_IDENTITY[sdk=macosx*]" = "";
				CODE_SIGN_STYLE = Automatic;
				COMBINE_HIDPI_IMAGES = YES;
				CURRENT_PROJECT_VERSION = 91;
				DEVELOPMENT_TEAM = BPL95996PK;
				ENABLE_HARDENED_RUNTIME = YES;
				GCC_PREPROCESSOR_DEFINITIONS = "";
				HEADER_SEARCH_PATHS = (
					"$(PROJECT_DIR)/SYM/Device",
					"$(PROJECT_DIR)/SYM/Device/libimobiledevice",
				);
				INFOPLIST_FILE = SYM/Info.plist;
				LD_RUNPATH_SEARCH_PATHS = "$(inherited) @executable_path/../Frameworks";
				LIBRARY_SEARCH_PATHS = (
					"$(inherited)",
					"$(PROJECT_DIR)/SYM/Device/libimobiledevice",
					"$(PROJECT_DIR)/SYM/Device/openssl",
					"$(PROJECT_DIR)/SYM/Device/usbmuxd",
					"$(PROJECT_DIR)/SYM/Device/plist",
				);
				MACOSX_DEPLOYMENT_TARGET = 11.0;
				MARKETING_VERSION = 0.8.3;
				PRODUCT_BUNDLE_IDENTIFIER = im.zorro.SYM;
				PRODUCT_NAME = "$(TARGET_NAME)";
				PROVISIONING_PROFILE = "";
				PROVISIONING_PROFILE_SPECIFIER = "";
				SWIFT_OBJC_BRIDGING_HEADER = "$(PROJECT_DIR)/SYM/SYM-Bridging-Header.h";
				SWIFT_OPTIMIZATION_LEVEL = "-Owholemodule";
				SWIFT_SWIFT3_OBJC_INFERENCE = Default;
				SWIFT_VERSION = 5.0;
				SYSTEM_HEADER_SEARCH_PATHS = "$(PROJECT_DIR)/SYM/Device";
				VALID_ARCHS = x86_64;
			};
			name = Release;
		};
/* End XCBuildConfiguration section */

/* Begin XCConfigurationList section */
		51BF9C581D6C7A1C00379BFC /* Build configuration list for PBXNativeTarget "SYMTests" */ = {
			isa = XCConfigurationList;
			buildConfigurations = (
				51BF9C561D6C7A1C00379BFC /* Debug */,
				51BF9C571D6C7A1C00379BFC /* Release */,
			);
			defaultConfigurationIsVisible = 0;
			defaultConfigurationName = Release;
		};
		B53E2F8F22D48E28003BC45C /* Build configuration list for PBXNativeTarget "icp" */ = {
			isa = XCConfigurationList;
			buildConfigurations = (
				B53E2F9022D48E28003BC45C /* Debug */,
				B53E2F9122D48E28003BC45C /* Release */,
			);
			defaultConfigurationIsVisible = 0;
			defaultConfigurationName = Release;
		};
		B5F357BA22C5FDDA00111FF3 /* Build configuration list for PBXAggregateTarget "UpdateModel" */ = {
			isa = XCConfigurationList;
			buildConfigurations = (
				B5F357B822C5FDDA00111FF3 /* Debug */,
				B5F357B922C5FDDA00111FF3 /* Release */,
			);
			defaultConfigurationIsVisible = 0;
			defaultConfigurationName = Release;
		};
		F49BD1E71D2FF46300024AAE /* Build configuration list for PBXProject "SYM" */ = {
			isa = XCConfigurationList;
			buildConfigurations = (
				F49BD20F1D2FF46400024AAE /* Debug */,
				F49BD2101D2FF46400024AAE /* Release */,
			);
			defaultConfigurationIsVisible = 0;
			defaultConfigurationName = Release;
		};
		F49BD2111D2FF46400024AAE /* Build configuration list for PBXNativeTarget "SYM" */ = {
			isa = XCConfigurationList;
			buildConfigurations = (
				F49BD2121D2FF46400024AAE /* Debug */,
				F49BD2131D2FF46400024AAE /* Release */,
			);
			defaultConfigurationIsVisible = 0;
			defaultConfigurationName = Release;
		};
/* End XCConfigurationList section */
	};
	rootObject = F49BD1E41D2FF46300024AAE /* Project object */;
}
