// !$*UTF8*$!
{
	archiveVersion = 1;
	classes = {
	};
	objectVersion = 46;
	objects = {

/* Begin PBXBuildFile section */
		510777791EFBA4E20055E8BD /* AppleDemo.ips in Resources */ = {isa = PBXBuildFile; fileRef = 510777781EFBA4C30055E8BD /* AppleDemo.ips */; };
		514B4F6B1E30AC9100171990 /* Foundation.framework in Frameworks */ = {isa = PBXBuildFile; fileRef = 514B4F6A1E30AC9100171990 /* Foundation.framework */; };
		519FF5881D54BB2600B07A65 /* symbolicatecrash in Resources */ = {isa = PBXBuildFile; fileRef = 519FF5871D54BB2600B07A65 /* symbolicatecrash */; };
		51B8D7051D4F620100F2C24C /* CrashDocument.swift in Sources */ = {isa = PBXBuildFile; fileRef = 51B8D7041D4F620100F2C24C /* CrashDocument.swift */; };
		51B8D7281D4F6A0000F2C24C /* ContentViewController.swift in Sources */ = {isa = PBXBuildFile; fileRef = 51B8D7271D4F6A0000F2C24C /* ContentViewController.swift */; };
		51BF9C4A1D66AB8800379BFC /* TextView.swift in Sources */ = {isa = PBXBuildFile; fileRef = 51BF9C491D66AB8800379BFC /* TextView.swift */; };
		51BF9C5A1D6C7ACC00379BFC /* UmengDemo.crash in Resources */ = {isa = PBXBuildFile; fileRef = 51BF9C591D6C7ACC00379BFC /* UmengDemo.crash */; };
		51C9A4A01EEFE98700F21AE4 /* ParserTests.swift in Sources */ = {isa = PBXBuildFile; fileRef = 51C9A49F1EEFE98700F21AE4 /* ParserTests.swift */; };
		51C9A4A21EEFF78500F21AE4 /* Doctor.swift in Sources */ = {isa = PBXBuildFile; fileRef = 51C9A4A11EEFF78500F21AE4 /* Doctor.swift */; };
		51CBD2801FE79F7C00C1F91D /* HardwareModel.swift in Sources */ = {isa = PBXBuildFile; fileRef = 51CBD27F1FE79F7C00C1F91D /* HardwareModel.swift */; };
		F405436A1D321E37009B2923 /* Window.swift in Sources */ = {isa = PBXBuildFile; fileRef = F40543691D321E37009B2923 /* Window.swift */; };
		F40A369C1D3B5DCA00F3B00C /* AboutViewController.swift in Sources */ = {isa = PBXBuildFile; fileRef = F40A369A1D3B5DCA00F3B00C /* AboutViewController.swift */; };
		F40A36A41D3FBB7200F3B00C /* Regex.swift in Sources */ = {isa = PBXBuildFile; fileRef = F40A36A31D3FBB7200F3B00C /* Regex.swift */; };
		F422C7C31D36A66800066837 /* FileFinder.swift in Sources */ = {isa = PBXBuildFile; fileRef = F422C7C21D36A66800066837 /* FileFinder.swift */; };
		F422C7C51D36A6A000066837 /* Dsym.swift in Sources */ = {isa = PBXBuildFile; fileRef = F422C7C41D36A6A000066837 /* Dsym.swift */; };
		F45320FB1D30A33C00639917 /* Crash.swift in Sources */ = {isa = PBXBuildFile; fileRef = F45320FA1D30A33C00639917 /* Crash.swift */; };
		F45321041D30CC4600639917 /* Extensions.swift in Sources */ = {isa = PBXBuildFile; fileRef = F45321031D30CC4600639917 /* Extensions.swift */; };
		F453210A1D30CCBF00639917 /* SubProcess.swift in Sources */ = {isa = PBXBuildFile; fileRef = F45321091D30CCBF00639917 /* SubProcess.swift */; };
		F45B68F31E227B8100128D8D /* MainWindowController.swift in Sources */ = {isa = PBXBuildFile; fileRef = F45B68F21E227B8100128D8D /* MainWindowController.swift */; };
		F49030FF20F769ED00249832 /* DocumentController.swift in Sources */ = {isa = PBXBuildFile; fileRef = F49030FE20F769ED00249832 /* DocumentController.swift */; };
		F49A8B651D3B28DF00B951AD /* DsymListViewController.swift in Sources */ = {isa = PBXBuildFile; fileRef = F49A8B641D3B28DF00B951AD /* DsymListViewController.swift */; };
		F49BD1F01D2FF46300024AAE /* AppDelegate.swift in Sources */ = {isa = PBXBuildFile; fileRef = F49BD1EF1D2FF46300024AAE /* AppDelegate.swift */; };
		F49BD1F71D2FF46300024AAE /* Main.storyboard in Resources */ = {isa = PBXBuildFile; fileRef = F49BD1F51D2FF46300024AAE /* Main.storyboard */; };
		F49F48C820F8925B00624672 /* Dsym.storyboard in Resources */ = {isa = PBXBuildFile; fileRef = F49F48C720F8925B00624672 /* Dsym.storyboard */; };
		F4A679741E21319D009F93E7 /* BundleDocument.swift in Sources */ = {isa = PBXBuildFile; fileRef = F4A679731E21319D009F93E7 /* BundleDocument.swift */; };
		F4A8DC101D525DAC00ACC4E5 /* Symbolicate.swift in Sources */ = {isa = PBXBuildFile; fileRef = F4A8DC0F1D525DAC00ACC4E5 /* Symbolicate.swift */; };
		F4CD14631D39D323006BAB2B /* Assets.xcassets in Resources */ = {isa = PBXBuildFile; fileRef = F4CD14621D39D323006BAB2B /* Assets.xcassets */; };
		F4CD14651D39D5B7006BAB2B /* file.icns in Resources */ = {isa = PBXBuildFile; fileRef = F4CD14641D39D5B7006BAB2B /* file.icns */; };
/* End PBXBuildFile section */

/* Begin PBXContainerItemProxy section */
		51BF9C541D6C7A1C00379BFC /* PBXContainerItemProxy */ = {
			isa = PBXContainerItemProxy;
			containerPortal = F49BD1E41D2FF46300024AAE /* Project object */;
			proxyType = 1;
			remoteGlobalIDString = F49BD1EB1D2FF46300024AAE;
			remoteInfo = SYM;
		};
/* End PBXContainerItemProxy section */

/* Begin PBXFileReference section */
		510777781EFBA4C30055E8BD /* AppleDemo.ips */ = {isa = PBXFileReference; lastKnownFileType = text; path = AppleDemo.ips; sourceTree = "<group>"; };
		514B4F6A1E30AC9100171990 /* Foundation.framework */ = {isa = PBXFileReference; lastKnownFileType = wrapper.framework; name = Foundation.framework; path = System/Library/Frameworks/Foundation.framework; sourceTree = SDKROOT; };
		519FF5871D54BB2600B07A65 /* symbolicatecrash */ = {isa = PBXFileReference; fileEncoding = 4; lastKnownFileType = text.script.perl; name = symbolicatecrash; path = Tools/symbolicatecrash; sourceTree = "<group>"; };
		51B8D7041D4F620100F2C24C /* CrashDocument.swift */ = {isa = PBXFileReference; fileEncoding = 4; lastKnownFileType = sourcecode.swift; path = CrashDocument.swift; sourceTree = "<group>"; };
		51B8D7271D4F6A0000F2C24C /* ContentViewController.swift */ = {isa = PBXFileReference; fileEncoding = 4; lastKnownFileType = sourcecode.swift; path = ContentViewController.swift; sourceTree = "<group>"; };
		51BF9C491D66AB8800379BFC /* TextView.swift */ = {isa = PBXFileReference; fileEncoding = 4; lastKnownFileType = sourcecode.swift; path = TextView.swift; sourceTree = "<group>"; };
		51BF9C4F1D6C7A1C00379BFC /* SYMTests.xctest */ = {isa = PBXFileReference; explicitFileType = wrapper.cfbundle; includeInIndex = 0; path = SYMTests.xctest; sourceTree = BUILT_PRODUCTS_DIR; };
		51BF9C531D6C7A1C00379BFC /* Info.plist */ = {isa = PBXFileReference; lastKnownFileType = text.plist.xml; path = Info.plist; sourceTree = "<group>"; };
		51BF9C591D6C7ACC00379BFC /* UmengDemo.crash */ = {isa = PBXFileReference; fileEncoding = 4; lastKnownFileType = text; path = UmengDemo.crash; sourceTree = "<group>"; };
		51C9A49F1EEFE98700F21AE4 /* ParserTests.swift */ = {isa = PBXFileReference; lastKnownFileType = sourcecode.swift; path = ParserTests.swift; sourceTree = "<group>"; };
		51C9A4A11EEFF78500F21AE4 /* Doctor.swift */ = {isa = PBXFileReference; lastKnownFileType = sourcecode.swift; path = Doctor.swift; sourceTree = "<group>"; };
		51CBD27F1FE79F7C00C1F91D /* HardwareModel.swift */ = {isa = PBXFileReference; lastKnownFileType = sourcecode.swift; path = HardwareModel.swift; sourceTree = "<group>"; };
		F40543691D321E37009B2923 /* Window.swift */ = {isa = PBXFileReference; fileEncoding = 4; lastKnownFileType = sourcecode.swift; path = Window.swift; sourceTree = "<group>"; };
		F40A369A1D3B5DCA00F3B00C /* AboutViewController.swift */ = {isa = PBXFileReference; fileEncoding = 4; lastKnownFileType = sourcecode.swift; path = AboutViewController.swift; sourceTree = "<group>"; };
		F40A36A31D3FBB7200F3B00C /* Regex.swift */ = {isa = PBXFileReference; fileEncoding = 4; lastKnownFileType = sourcecode.swift; path = Regex.swift; sourceTree = "<group>"; };
		F422C7C21D36A66800066837 /* FileFinder.swift */ = {isa = PBXFileReference; fileEncoding = 4; lastKnownFileType = sourcecode.swift; path = FileFinder.swift; sourceTree = "<group>"; };
		F422C7C41D36A6A000066837 /* Dsym.swift */ = {isa = PBXFileReference; fileEncoding = 4; lastKnownFileType = sourcecode.swift; path = Dsym.swift; sourceTree = "<group>"; };
		F45320FA1D30A33C00639917 /* Crash.swift */ = {isa = PBXFileReference; fileEncoding = 4; lastKnownFileType = sourcecode.swift; path = Crash.swift; sourceTree = "<group>"; };
		F45321031D30CC4600639917 /* Extensions.swift */ = {isa = PBXFileReference; fileEncoding = 4; lastKnownFileType = sourcecode.swift; path = Extensions.swift; sourceTree = "<group>"; };
		F45321091D30CCBF00639917 /* SubProcess.swift */ = {isa = PBXFileReference; fileEncoding = 4; lastKnownFileType = sourcecode.swift; path = SubProcess.swift; sourceTree = "<group>"; };
		F45B68F21E227B8100128D8D /* MainWindowController.swift */ = {isa = PBXFileReference; fileEncoding = 4; lastKnownFileType = sourcecode.swift; path = MainWindowController.swift; sourceTree = "<group>"; };
		F49030FE20F769ED00249832 /* DocumentController.swift */ = {isa = PBXFileReference; lastKnownFileType = sourcecode.swift; path = DocumentController.swift; sourceTree = "<group>"; };
		F49A8B641D3B28DF00B951AD /* DsymListViewController.swift */ = {isa = PBXFileReference; fileEncoding = 4; lastKnownFileType = sourcecode.swift; path = DsymListViewController.swift; sourceTree = "<group>"; };
		F49BD1EC1D2FF46300024AAE /* SYM.app */ = {isa = PBXFileReference; explicitFileType = wrapper.application; includeInIndex = 0; path = SYM.app; sourceTree = BUILT_PRODUCTS_DIR; };
		F49BD1EF1D2FF46300024AAE /* AppDelegate.swift */ = {isa = PBXFileReference; lastKnownFileType = sourcecode.swift; path = AppDelegate.swift; sourceTree = "<group>"; };
		F49BD1F61D2FF46300024AAE /* Base */ = {isa = PBXFileReference; lastKnownFileType = file.storyboard; name = Base; path = Base.lproj/Main.storyboard; sourceTree = "<group>"; };
		F49BD1F81D2FF46300024AAE /* Info.plist */ = {isa = PBXFileReference; lastKnownFileType = text.plist.xml; path = Info.plist; sourceTree = "<group>"; };
		F49F48C720F8925B00624672 /* Dsym.storyboard */ = {isa = PBXFileReference; lastKnownFileType = file.storyboard; path = Dsym.storyboard; sourceTree = "<group>"; };
		F4A679731E21319D009F93E7 /* BundleDocument.swift */ = {isa = PBXFileReference; fileEncoding = 4; lastKnownFileType = sourcecode.swift; path = BundleDocument.swift; sourceTree = "<group>"; };
		F4A8DC0F1D525DAC00ACC4E5 /* Symbolicate.swift */ = {isa = PBXFileReference; fileEncoding = 4; lastKnownFileType = sourcecode.swift; path = Symbolicate.swift; sourceTree = "<group>"; };
		F4CD14621D39D323006BAB2B /* Assets.xcassets */ = {isa = PBXFileReference; lastKnownFileType = folder.assetcatalog; path = Assets.xcassets; sourceTree = "<group>"; };
		F4CD14641D39D5B7006BAB2B /* file.icns */ = {isa = PBXFileReference; lastKnownFileType = image.icns; path = file.icns; sourceTree = "<group>"; };
/* End PBXFileReference section */

/* Begin PBXFrameworksBuildPhase section */
		51BF9C4C1D6C7A1C00379BFC /* Frameworks */ = {
			isa = PBXFrameworksBuildPhase;
			buildActionMask = 2147483647;
			files = (
				514B4F6B1E30AC9100171990 /* Foundation.framework in Frameworks */,
			);
			runOnlyForDeploymentPostprocessing = 0;
		};
		F49BD1E91D2FF46300024AAE /* Frameworks */ = {
			isa = PBXFrameworksBuildPhase;
			buildActionMask = 2147483647;
			files = (
			);
			runOnlyForDeploymentPostprocessing = 0;
		};
/* End PBXFrameworksBuildPhase section */

/* Begin PBXGroup section */
		514B4F691E30AC9000171990 /* Frameworks */ = {
			isa = PBXGroup;
			children = (
				514B4F6A1E30AC9100171990 /* Foundation.framework */,
			);
			name = Frameworks;
			sourceTree = "<group>";
		};
		51B5D2981D52166000B979C8 /* Tools */ = {
			isa = PBXGroup;
			children = (
				519FF5871D54BB2600B07A65 /* symbolicatecrash */,
			);
			name = Tools;
			sourceTree = "<group>";
		};
		51B8D7031D4F60EB00F2C24C /* Document */ = {
			isa = PBXGroup;
			children = (
				51B8D7041D4F620100F2C24C /* CrashDocument.swift */,
				F4A679731E21319D009F93E7 /* BundleDocument.swift */,
				F49030FE20F769ED00249832 /* DocumentController.swift */,
			);
			name = Document;
			sourceTree = "<group>";
		};
		51BF9C501D6C7A1C00379BFC /* SYMTests */ = {
			isa = PBXGroup;
			children = (
				51BF9C591D6C7ACC00379BFC /* UmengDemo.crash */,
				510777781EFBA4C30055E8BD /* AppleDemo.ips */,
				51C9A49F1EEFE98700F21AE4 /* ParserTests.swift */,
				51BF9C531D6C7A1C00379BFC /* Info.plist */,
			);
			path = SYMTests;
			sourceTree = "<group>";
		};
		F43C129D1D39CEE0004952B4 /* images */ = {
			isa = PBXGroup;
			children = (
				F4CD14641D39D5B7006BAB2B /* file.icns */,
			);
			path = images;
			sourceTree = "<group>";
		};
		F45321061D30CC5F00639917 /* Utils */ = {
			isa = PBXGroup;
			children = (
				F40A36A31D3FBB7200F3B00C /* Regex.swift */,
				F45321031D30CC4600639917 /* Extensions.swift */,
				F45321091D30CCBF00639917 /* SubProcess.swift */,
				F422C7C21D36A66800066837 /* FileFinder.swift */,
				51CBD27F1FE79F7C00C1F91D /* HardwareModel.swift */,
			);
			name = Utils;
			sourceTree = "<group>";
		};
		F45321071D30CC6E00639917 /* UI */ = {
			isa = PBXGroup;
			children = (
				F49BD1F51D2FF46300024AAE /* Main.storyboard */,
				F49F48C720F8925B00624672 /* Dsym.storyboard */,
				F40543691D321E37009B2923 /* Window.swift */,
				F45B68F21E227B8100128D8D /* MainWindowController.swift */,
				51BF9C491D66AB8800379BFC /* TextView.swift */,
				51B8D7271D4F6A0000F2C24C /* ContentViewController.swift */,
				F49A8B641D3B28DF00B951AD /* DsymListViewController.swift */,
				F40A369A1D3B5DCA00F3B00C /* AboutViewController.swift */,
			);
			name = UI;
			sourceTree = "<group>";
		};
		F49BD1E31D2FF46300024AAE = {
			isa = PBXGroup;
			children = (
				F49BD1EE1D2FF46300024AAE /* SYM */,
				51BF9C501D6C7A1C00379BFC /* SYMTests */,
				F49BD1ED1D2FF46300024AAE /* Products */,
				514B4F691E30AC9000171990 /* Frameworks */,
			);
			sourceTree = "<group>";
		};
		F49BD1ED1D2FF46300024AAE /* Products */ = {
			isa = PBXGroup;
			children = (
				F49BD1EC1D2FF46300024AAE /* SYM.app */,
				51BF9C4F1D6C7A1C00379BFC /* SYMTests.xctest */,
			);
			name = Products;
			sourceTree = "<group>";
		};
		F49BD1EE1D2FF46300024AAE /* SYM */ = {
			isa = PBXGroup;
			children = (
				51B5D2981D52166000B979C8 /* Tools */,
				F45321061D30CC5F00639917 /* Utils */,
				51B8D7031D4F60EB00F2C24C /* Document */,
				F4CD14661D39DD95006BAB2B /* Crash */,
				F45321071D30CC6E00639917 /* UI */,
				F49BD1EF1D2FF46300024AAE /* AppDelegate.swift */,
				F49BD1F81D2FF46300024AAE /* Info.plist */,
				F4CD14621D39D323006BAB2B /* Assets.xcassets */,
				F43C129D1D39CEE0004952B4 /* images */,
			);
			path = SYM;
			sourceTree = "<group>";
		};
		F4CD14661D39DD95006BAB2B /* Crash */ = {
			isa = PBXGroup;
			children = (
				F45320FA1D30A33C00639917 /* Crash.swift */,
				51C9A4A11EEFF78500F21AE4 /* Doctor.swift */,
				F4A8DC0F1D525DAC00ACC4E5 /* Symbolicate.swift */,
				F422C7C41D36A6A000066837 /* Dsym.swift */,
			);
			name = Crash;
			sourceTree = "<group>";
		};
/* End PBXGroup section */

/* Begin PBXNativeTarget section */
		51BF9C4E1D6C7A1C00379BFC /* SYMTests */ = {
			isa = PBXNativeTarget;
			buildConfigurationList = 51BF9C581D6C7A1C00379BFC /* Build configuration list for PBXNativeTarget "SYMTests" */;
			buildPhases = (
				51BF9C4B1D6C7A1C00379BFC /* Sources */,
				51BF9C4C1D6C7A1C00379BFC /* Frameworks */,
				51BF9C4D1D6C7A1C00379BFC /* Resources */,
			);
			buildRules = (
			);
			dependencies = (
				51BF9C551D6C7A1C00379BFC /* PBXTargetDependency */,
			);
			name = SYMTests;
			productName = SYMTests;
			productReference = 51BF9C4F1D6C7A1C00379BFC /* SYMTests.xctest */;
			productType = "com.apple.product-type.bundle.unit-test";
		};
		F49BD1EB1D2FF46300024AAE /* SYM */ = {
			isa = PBXNativeTarget;
			buildConfigurationList = F49BD2111D2FF46400024AAE /* Build configuration list for PBXNativeTarget "SYM" */;
			buildPhases = (
				F49BD1E81D2FF46300024AAE /* Sources */,
				F49BD1E91D2FF46300024AAE /* Frameworks */,
				F49BD1EA1D2FF46300024AAE /* Resources */,
			);
			buildRules = (
			);
			dependencies = (
			);
			name = SYM;
			productName = SYM;
			productReference = F49BD1EC1D2FF46300024AAE /* SYM.app */;
			productType = "com.apple.product-type.application";
		};
/* End PBXNativeTarget section */

/* Begin PBXProject section */
		F49BD1E41D2FF46300024AAE /* Project object */ = {
			isa = PBXProject;
			attributes = {
				LastSwiftUpdateCheck = 0730;
				LastUpgradeCheck = 0940;
				ORGANIZATIONNAME = zqqf16;
				TargetAttributes = {
					51BF9C4E1D6C7A1C00379BFC = {
						CreatedOnToolsVersion = 7.3.1;
						LastSwiftMigration = 0900;
						TestTargetID = F49BD1EB1D2FF46300024AAE;
					};
					F49BD1EB1D2FF46300024AAE = {
						CreatedOnToolsVersion = 7.3.1;
						LastSwiftMigration = 0900;
						ProvisioningStyle = Automatic;
					};
				};
			};
			buildConfigurationList = F49BD1E71D2FF46300024AAE /* Build configuration list for PBXProject "SYM" */;
			compatibilityVersion = "Xcode 3.2";
			developmentRegion = English;
			hasScannedForEncodings = 0;
			knownRegions = (
				en,
				Base,
			);
			mainGroup = F49BD1E31D2FF46300024AAE;
			productRefGroup = F49BD1ED1D2FF46300024AAE /* Products */;
			projectDirPath = "";
			projectRoot = "";
			targets = (
				F49BD1EB1D2FF46300024AAE /* SYM */,
				51BF9C4E1D6C7A1C00379BFC /* SYMTests */,
			);
		};
/* End PBXProject section */

/* Begin PBXResourcesBuildPhase section */
		51BF9C4D1D6C7A1C00379BFC /* Resources */ = {
			isa = PBXResourcesBuildPhase;
			buildActionMask = 2147483647;
			files = (
				510777791EFBA4E20055E8BD /* AppleDemo.ips in Resources */,
				51BF9C5A1D6C7ACC00379BFC /* UmengDemo.crash in Resources */,
			);
			runOnlyForDeploymentPostprocessing = 0;
		};
		F49BD1EA1D2FF46300024AAE /* Resources */ = {
			isa = PBXResourcesBuildPhase;
			buildActionMask = 2147483647;
			files = (
				F49F48C820F8925B00624672 /* Dsym.storyboard in Resources */,
				F4CD14651D39D5B7006BAB2B /* file.icns in Resources */,
				F49BD1F71D2FF46300024AAE /* Main.storyboard in Resources */,
				F4CD14631D39D323006BAB2B /* Assets.xcassets in Resources */,
				519FF5881D54BB2600B07A65 /* symbolicatecrash in Resources */,
			);
			runOnlyForDeploymentPostprocessing = 0;
		};
/* End PBXResourcesBuildPhase section */

/* Begin PBXSourcesBuildPhase section */
		51BF9C4B1D6C7A1C00379BFC /* Sources */ = {
			isa = PBXSourcesBuildPhase;
			buildActionMask = 2147483647;
			files = (
				51C9A4A01EEFE98700F21AE4 /* ParserTests.swift in Sources */,
			);
			runOnlyForDeploymentPostprocessing = 0;
		};
		F49BD1E81D2FF46300024AAE /* Sources */ = {
			isa = PBXSourcesBuildPhase;
			buildActionMask = 2147483647;
			files = (
				F40A36A41D3FBB7200F3B00C /* Regex.swift in Sources */,
				F4A8DC101D525DAC00ACC4E5 /* Symbolicate.swift in Sources */,
				F49BD1F01D2FF46300024AAE /* AppDelegate.swift in Sources */,
				F422C7C31D36A66800066837 /* FileFinder.swift in Sources */,
				F45320FB1D30A33C00639917 /* Crash.swift in Sources */,
				F40A369C1D3B5DCA00F3B00C /* AboutViewController.swift in Sources */,
				F49A8B651D3B28DF00B951AD /* DsymListViewController.swift in Sources */,
				F422C7C51D36A6A000066837 /* Dsym.swift in Sources */,
				51CBD2801FE79F7C00C1F91D /* HardwareModel.swift in Sources */,
				F453210A1D30CCBF00639917 /* SubProcess.swift in Sources */,
				F45321041D30CC4600639917 /* Extensions.swift in Sources */,
				F45B68F31E227B8100128D8D /* MainWindowController.swift in Sources */,
				F405436A1D321E37009B2923 /* Window.swift in Sources */,
				F49030FF20F769ED00249832 /* DocumentController.swift in Sources */,
				F4A679741E21319D009F93E7 /* BundleDocument.swift in Sources */,
				51B8D7281D4F6A0000F2C24C /* ContentViewController.swift in Sources */,
				51C9A4A21EEFF78500F21AE4 /* Doctor.swift in Sources */,
				51BF9C4A1D66AB8800379BFC /* TextView.swift in Sources */,
				51B8D7051D4F620100F2C24C /* CrashDocument.swift in Sources */,
			);
			runOnlyForDeploymentPostprocessing = 0;
		};
/* End PBXSourcesBuildPhase section */

/* Begin PBXTargetDependency section */
		51BF9C551D6C7A1C00379BFC /* PBXTargetDependency */ = {
			isa = PBXTargetDependency;
			target = F49BD1EB1D2FF46300024AAE /* SYM */;
			targetProxy = 51BF9C541D6C7A1C00379BFC /* PBXContainerItemProxy */;
		};
/* End PBXTargetDependency section */

/* Begin PBXVariantGroup section */
		F49BD1F51D2FF46300024AAE /* Main.storyboard */ = {
			isa = PBXVariantGroup;
			children = (
				F49BD1F61D2FF46300024AAE /* Base */,
			);
			name = Main.storyboard;
			sourceTree = "<group>";
		};
/* End PBXVariantGroup section */

/* Begin XCBuildConfiguration section */
		51BF9C561D6C7A1C00379BFC /* Debug */ = {
			isa = XCBuildConfiguration;
			buildSettings = {
				BUNDLE_LOADER = "$(TEST_HOST)";
				COMBINE_HIDPI_IMAGES = YES;
				INFOPLIST_FILE = SYMTests/Info.plist;
				LD_RUNPATH_SEARCH_PATHS = "$(inherited) @executable_path/../Frameworks @loader_path/../Frameworks";
				PRODUCT_BUNDLE_IDENTIFIER = im.zorro.SYMTests;
				PRODUCT_NAME = "$(TARGET_NAME)";
				SWIFT_SWIFT3_OBJC_INFERENCE = On;
				SWIFT_VERSION = 4.0;
				TEST_HOST = "$(BUILT_PRODUCTS_DIR)/SYM.app/Contents/MacOS/SYM";
			};
			name = Debug;
		};
		51BF9C571D6C7A1C00379BFC /* Release */ = {
			isa = XCBuildConfiguration;
			buildSettings = {
				BUNDLE_LOADER = "$(TEST_HOST)";
				COMBINE_HIDPI_IMAGES = YES;
				INFOPLIST_FILE = SYMTests/Info.plist;
				LD_RUNPATH_SEARCH_PATHS = "$(inherited) @executable_path/../Frameworks @loader_path/../Frameworks";
				PRODUCT_BUNDLE_IDENTIFIER = im.zorro.SYMTests;
				PRODUCT_NAME = "$(TARGET_NAME)";
				SWIFT_OPTIMIZATION_LEVEL = "-Owholemodule";
				SWIFT_SWIFT3_OBJC_INFERENCE = On;
				SWIFT_VERSION = 4.0;
				TEST_HOST = "$(BUILT_PRODUCTS_DIR)/SYM.app/Contents/MacOS/SYM";
			};
			name = Release;
		};
		F49BD20F1D2FF46400024AAE /* Debug */ = {
			isa = XCBuildConfiguration;
			buildSettings = {
				ALWAYS_SEARCH_USER_PATHS = NO;
				CLANG_ANALYZER_NONNULL = YES;
				CLANG_CXX_LANGUAGE_STANDARD = "gnu++0x";
				CLANG_CXX_LIBRARY = "libc++";
				CLANG_ENABLE_MODULES = YES;
				CLANG_ENABLE_OBJC_ARC = YES;
				CLANG_WARN_BLOCK_CAPTURE_AUTORELEASING = YES;
				CLANG_WARN_BOOL_CONVERSION = YES;
				CLANG_WARN_COMMA = YES;
				CLANG_WARN_CONSTANT_CONVERSION = YES;
				CLANG_WARN_DEPRECATED_OBJC_IMPLEMENTATIONS = YES;
				CLANG_WARN_DIRECT_OBJC_ISA_USAGE = YES_ERROR;
				CLANG_WARN_EMPTY_BODY = YES;
				CLANG_WARN_ENUM_CONVERSION = YES;
				CLANG_WARN_INFINITE_RECURSION = YES;
				CLANG_WARN_INT_CONVERSION = YES;
				CLANG_WARN_NON_LITERAL_NULL_CONVERSION = YES;
				CLANG_WARN_OBJC_IMPLICIT_RETAIN_SELF = YES;
				CLANG_WARN_OBJC_LITERAL_CONVERSION = YES;
				CLANG_WARN_OBJC_ROOT_CLASS = YES_ERROR;
				CLANG_WARN_RANGE_LOOP_ANALYSIS = YES;
				CLANG_WARN_STRICT_PROTOTYPES = YES;
				CLANG_WARN_SUSPICIOUS_MOVE = YES;
				CLANG_WARN_UNREACHABLE_CODE = YES;
				CLANG_WARN__DUPLICATE_METHOD_MATCH = YES;
				CODE_SIGN_IDENTITY = "-";
				COPY_PHASE_STRIP = NO;
				DEBUG_INFORMATION_FORMAT = dwarf;
				ENABLE_STRICT_OBJC_MSGSEND = YES;
				ENABLE_TESTABILITY = YES;
				GCC_C_LANGUAGE_STANDARD = gnu99;
				GCC_DYNAMIC_NO_PIC = NO;
				GCC_NO_COMMON_BLOCKS = YES;
				GCC_OPTIMIZATION_LEVEL = 0;
				GCC_PREPROCESSOR_DEFINITIONS = (
					"DEBUG=1",
					"$(inherited)",
				);
				GCC_WARN_64_TO_32_BIT_CONVERSION = YES;
				GCC_WARN_ABOUT_RETURN_TYPE = YES_ERROR;
				GCC_WARN_UNDECLARED_SELECTOR = YES;
				GCC_WARN_UNINITIALIZED_AUTOS = YES_AGGRESSIVE;
				GCC_WARN_UNUSED_FUNCTION = YES;
				GCC_WARN_UNUSED_VARIABLE = YES;
				MACOSX_DEPLOYMENT_TARGET = 10.11;
				MTL_ENABLE_DEBUG_INFO = YES;
				ONLY_ACTIVE_ARCH = YES;
				SDKROOT = macosx;
				SWIFT_OPTIMIZATION_LEVEL = "-Onone";
			};
			name = Debug;
		};
		F49BD2101D2FF46400024AAE /* Release */ = {
			isa = XCBuildConfiguration;
			buildSettings = {
				ALWAYS_SEARCH_USER_PATHS = NO;
				CLANG_ANALYZER_NONNULL = YES;
				CLANG_CXX_LANGUAGE_STANDARD = "gnu++0x";
				CLANG_CXX_LIBRARY = "libc++";
				CLANG_ENABLE_MODULES = YES;
				CLANG_ENABLE_OBJC_ARC = YES;
				CLANG_WARN_BLOCK_CAPTURE_AUTORELEASING = YES;
				CLANG_WARN_BOOL_CONVERSION = YES;
				CLANG_WARN_COMMA = YES;
				CLANG_WARN_CONSTANT_CONVERSION = YES;
				CLANG_WARN_DEPRECATED_OBJC_IMPLEMENTATIONS = YES;
				CLANG_WARN_DIRECT_OBJC_ISA_USAGE = YES_ERROR;
				CLANG_WARN_EMPTY_BODY = YES;
				CLANG_WARN_ENUM_CONVERSION = YES;
				CLANG_WARN_INFINITE_RECURSION = YES;
				CLANG_WARN_INT_CONVERSION = YES;
				CLANG_WARN_NON_LITERAL_NULL_CONVERSION = YES;
				CLANG_WARN_OBJC_IMPLICIT_RETAIN_SELF = YES;
				CLANG_WARN_OBJC_LITERAL_CONVERSION = YES;
				CLANG_WARN_OBJC_ROOT_CLASS = YES_ERROR;
				CLANG_WARN_RANGE_LOOP_ANALYSIS = YES;
				CLANG_WARN_STRICT_PROTOTYPES = YES;
				CLANG_WARN_SUSPICIOUS_MOVE = YES;
				CLANG_WARN_UNREACHABLE_CODE = YES;
				CLANG_WARN__DUPLICATE_METHOD_MATCH = YES;
				CODE_SIGN_IDENTITY = "-";
				COPY_PHASE_STRIP = NO;
				DEBUG_INFORMATION_FORMAT = "dwarf-with-dsym";
				ENABLE_NS_ASSERTIONS = NO;
				ENABLE_STRICT_OBJC_MSGSEND = YES;
				GCC_C_LANGUAGE_STANDARD = gnu99;
				GCC_NO_COMMON_BLOCKS = YES;
				GCC_WARN_64_TO_32_BIT_CONVERSION = YES;
				GCC_WARN_ABOUT_RETURN_TYPE = YES_ERROR;
				GCC_WARN_UNDECLARED_SELECTOR = YES;
				GCC_WARN_UNINITIALIZED_AUTOS = YES_AGGRESSIVE;
				GCC_WARN_UNUSED_FUNCTION = YES;
				GCC_WARN_UNUSED_VARIABLE = YES;
				MACOSX_DEPLOYMENT_TARGET = 10.11;
				MTL_ENABLE_DEBUG_INFO = NO;
				SDKROOT = macosx;
			};
			name = Release;
		};
		F49BD2121D2FF46400024AAE /* Debug */ = {
			isa = XCBuildConfiguration;
			buildSettings = {
				ASSETCATALOG_COMPILER_APPICON_NAME = AppIcon;
				CODE_SIGN_IDENTITY = "Mac Developer";
				"CODE_SIGN_IDENTITY[sdk=macosx*]" = "";
				CODE_SIGN_STYLE = Automatic;
				COMBINE_HIDPI_IMAGES = YES;
				DEVELOPMENT_TEAM = "";
				INFOPLIST_FILE = SYM/Info.plist;
				LD_RUNPATH_SEARCH_PATHS = "$(inherited) @executable_path/../Frameworks";
				PRODUCT_BUNDLE_IDENTIFIER = im.zorro.SYM;
				PRODUCT_NAME = "$(TARGET_NAME)";
				PROVISIONING_PROFILE = "";
				PROVISIONING_PROFILE_SPECIFIER = "";
				SWIFT_SWIFT3_OBJC_INFERENCE = Default;
				SWIFT_VERSION = 4.2;
				VALID_ARCHS = x86_64;
			};
			name = Debug;
		};
		F49BD2131D2FF46400024AAE /* Release */ = {
			isa = XCBuildConfiguration;
			buildSettings = {
				ASSETCATALOG_COMPILER_APPICON_NAME = AppIcon;
				CODE_SIGN_IDENTITY = "Mac Developer";
				"CODE_SIGN_IDENTITY[sdk=macosx*]" = "";
				CODE_SIGN_STYLE = Automatic;
				COMBINE_HIDPI_IMAGES = YES;
				DEVELOPMENT_TEAM = "";
				INFOPLIST_FILE = SYM/Info.plist;
				LD_RUNPATH_SEARCH_PATHS = "$(inherited) @executable_path/../Frameworks";
				PRODUCT_BUNDLE_IDENTIFIER = im.zorro.SYM;
				PRODUCT_NAME = "$(TARGET_NAME)";
				PROVISIONING_PROFILE = "";
				PROVISIONING_PROFILE_SPECIFIER = "";
				SWIFT_OPTIMIZATION_LEVEL = "-Owholemodule";
				SWIFT_SWIFT3_OBJC_INFERENCE = Default;
				SWIFT_VERSION = 4.2;
				VALID_ARCHS = x86_64;
			};
			name = Release;
		};
/* End XCBuildConfiguration section */

/* Begin XCConfigurationList section */
		51BF9C581D6C7A1C00379BFC /* Build configuration list for PBXNativeTarget "SYMTests" */ = {
			isa = XCConfigurationList;
			buildConfigurations = (
				51BF9C561D6C7A1C00379BFC /* Debug */,
				51BF9C571D6C7A1C00379BFC /* Release */,
			);
			defaultConfigurationIsVisible = 0;
			defaultConfigurationName = Release;
		};
		F49BD1E71D2FF46300024AAE /* Build configuration list for PBXProject "SYM" */ = {
			isa = XCConfigurationList;
			buildConfigurations = (
				F49BD20F1D2FF46400024AAE /* Debug */,
				F49BD2101D2FF46400024AAE /* Release */,
			);
			defaultConfigurationIsVisible = 0;
			defaultConfigurationName = Release;
		};
		F49BD2111D2FF46400024AAE /* Build configuration list for PBXNativeTarget "SYM" */ = {
			isa = XCConfigurationList;
			buildConfigurations = (
				F49BD2121D2FF46400024AAE /* Debug */,
				F49BD2131D2FF46400024AAE /* Release */,
			);
			defaultConfigurationIsVisible = 0;
			defaultConfigurationName = Release;
		};
/* End XCConfigurationList section */
	};
	rootObject = F49BD1E41D2FF46300024AAE /* Project object */;
}
